// !$*UTF8*$!
{
	archiveVersion = 1;
	classes = {
	};
	objectVersion = 56;
	objects = {

/* Begin PBXBuildFile section */
		05ADF2D3D8FA6A6DEC81460C /* PrivacyInfo.xcprivacy in Resources */ = {isa = PBXBuildFile; fileRef = CEF6E3764D6BE72872DED18D /* PrivacyInfo.xcprivacy */; };
		0E2EC02F1056B42AC59ECA95 /* popup.js in Resources */ = {isa = PBXBuildFile; fileRef = 8B284427ED128365BE8C3321 /* popup.js */; };
		18D8B3FE6E1390DE7D09613D /* manifest.json in Resources */ = {isa = PBXBuildFile; fileRef = 34E24E52B02698D530FF2739 /* manifest.json */; };
		18DA73838EF3EBE610CF3986 /* SafariWebExtensionHandler.swift in Sources */ = {isa = PBXBuildFile; fileRef = 52135C5BAE8E94DC433994F8 /* SafariWebExtensionHandler.swift */; };
		319DCE792FF6E8C1009D1A42 /* Assets.xcassets in Resources */ = {isa = PBXBuildFile; fileRef = 319DCE782FF6E8C1009D1A42 /* Assets.xcassets */; };
		641B591987B5DB31D151B707 /* PrivacyInfo.xcprivacy in Resources */ = {isa = PBXBuildFile; fileRef = 3DDDF13EECCE0B816FF72537 /* PrivacyInfo.xcprivacy */; };
		6CF06350598D7E5D6A9B9DD4 /* popup.css in Resources */ = {isa = PBXBuildFile; fileRef = A8916FB229A565877D528BD1 /* popup.css */; };
		70F3745ED331551EE0A4DAAD /* PrivacyInfo.xcprivacy in Resources */ = {isa = PBXBuildFile; fileRef = D8C6038C7B3A3392A9C0D1C1 /* PrivacyInfo.xcprivacy */; };
		720CB503C779908E8BE558CD /* background.js in Resources */ = {isa = PBXBuildFile; fileRef = 5CEAAFB156F178B5F137720C /* background.js */; };
		A42E076F007410E892B63F3D /* Foundation.framework in Frameworks */ = {isa = PBXBuildFile; fileRef = 95FEEF1589C24BFB462E5C23 /* Foundation.framework */; };
		A78970D5122074DB9604EA03 /* PrivacyInfo.xcprivacy in Resources */ = {isa = PBXBuildFile; fileRef = 4AA5C07F7036475590479CFD /* PrivacyInfo.xcprivacy */; };
		AA000001 /* VliegtuigtasApp.swift in Sources */ = {isa = PBXBuildFile; fileRef = AA100001 /* VliegtuigtasApp.swift */; };
		AA000002 /* ContentView.swift in Sources */ = {isa = PBXBuildFile; fileRef = AA100002 /* ContentView.swift */; };
		AA000003 /* Theme.swift in Sources */ = {isa = PBXBuildFile; fileRef = AA100003 /* Theme.swift */; };
		AA000004 /* Models.swift in Sources */ = {isa = PBXBuildFile; fileRef = AA100004 /* Models.swift */; };
		AA000005 /* APIClient.swift in Sources */ = {isa = PBXBuildFile; fileRef = AA100005 /* APIClient.swift */; };
		AA000006 /* AirlineStore.swift in Sources */ = {isa = PBXBuildFile; fileRef = AA100006 /* AirlineStore.swift */; };
		AA000007 /* SharedViews.swift in Sources */ = {isa = PBXBuildFile; fileRef = AA100007 /* SharedViews.swift */; };
		AA000008 /* HomeView.swift in Sources */ = {isa = PBXBuildFile; fileRef = AA100008 /* HomeView.swift */; };
		AA000009 /* AirlineListView.swift in Sources */ = {isa = PBXBuildFile; fileRef = AA100009 /* AirlineListView.swift */; };
		AA000010 /* AirlineDetailView.swift in Sources */ = {isa = PBXBuildFile; fileRef = AA100010 /* AirlineDetailView.swift */; };
		AA000011 /* BaggageCheckView.swift in Sources */ = {isa = PBXBuildFile; fileRef = AA100011 /* BaggageCheckView.swift */; };
		AA000012 /* BagsShopView.swift in Sources */ = {isa = PBXBuildFile; fileRef = AA100012 /* BagsShopView.swift */; };
		AA000013 /* Assets.xcassets in Resources */ = {isa = PBXBuildFile; fileRef = AA100013 /* Assets.xcassets */; };
		AA000014 /* CheckFlowView.swift in Sources */ = {isa = PBXBuildFile; fileRef = AA100014 /* CheckFlowView.swift */; };
		AA000015 /* OnboardingView.swift in Sources */ = {isa = PBXBuildFile; fileRef = AA100015 /* OnboardingView.swift */; };
		AA000016 /* UserSession.swift in Sources */ = {isa = PBXBuildFile; fileRef = AA100016 /* UserSession.swift */; };
		AA000017 /* AppStrings.swift in Sources */ = {isa = PBXBuildFile; fileRef = AA100017 /* AppStrings.swift */; };
		AA000018 /* airplane_beep.mp3 in Resources */ = {isa = PBXBuildFile; fileRef = AA100018 /* airplane_beep.mp3 */; };
		AA000019 /* SplashView.swift in Sources */ = {isa = PBXBuildFile; fileRef = AA100019 /* SplashView.swift */; };
		AA000020 /* BagDetailView.swift in Sources */ = {isa = PBXBuildFile; fileRef = AA100020 /* BagDetailView.swift */; };
		AA000030 /* solari_flap.wav in Resources */ = {isa = PBXBuildFile; fileRef = AA100030 /* solari_flap.wav */; };
		AAW00001 /* VliegtuigtasWidgets.swift in Sources */ = {isa = PBXBuildFile; fileRef = AAW10001 /* VliegtuigtasWidgets.swift */; };
		TRW00001 /* TripCountdownWidget.swift in Sources */ = {isa = PBXBuildFile; fileRef = TRW10001 /* TripCountdownWidget.swift */; };
		AAW00002 /* Vliegtuigtas Widgets.appex in Embed Foundation Extensions */ = {isa = PBXBuildFile; fileRef = AAW10003 /* Vliegtuigtas Widgets.appex */; settings = {ATTRIBUTES = (RemoveHeaderOnCopy, ); }; };
		STK00001 /* Stickers.xcassets in Resources */ = {isa = PBXBuildFile; fileRef = STK10002 /* Stickers.xcassets */; };
		STK00002 /* Vliegtuigtas Stickers.appex in Embed Foundation Extensions */ = {isa = PBXBuildFile; fileRef = STK10003 /* Vliegtuigtas Stickers.appex */; settings = {ATTRIBUTES = (RemoveHeaderOnCopy, ); }; };
		AB61B0FF462FD1FB680C4E54 /* content.js in Resources */ = {isa = PBXBuildFile; fileRef = D21544F7D8CDB9643A45CBB3 /* content.js */; };
		AC000001 /* BagScannerView.swift in Sources */ = {isa = PBXBuildFile; fileRef = AC100001 /* BagScannerView.swift */; };
		ACL00001 /* VliegtuigtasClipApp.swift in Sources */ = {isa = PBXBuildFile; fileRef = ACL10001 /* VliegtuigtasClipApp.swift */; };
		ACL00002 /* ClipCheckView.swift in Sources */ = {isa = PBXBuildFile; fileRef = ACL10002 /* ClipCheckView.swift */; };
		ACL00003 /* Theme.swift in Sources */ = {isa = PBXBuildFile; fileRef = AA100003 /* Theme.swift */; };
		ACL00004 /* Models.swift in Sources */ = {isa = PBXBuildFile; fileRef = AA100004 /* Models.swift */; };
		ACL00005 /* APIClient.swift in Sources */ = {isa = PBXBuildFile; fileRef = AA100005 /* APIClient.swift */; };
		ACL00006 /* AirlineStore.swift in Sources */ = {isa = PBXBuildFile; fileRef = AA100006 /* AirlineStore.swift */; };
		ACL00007 /* Vliegtuigtas Clip.app in Embed App Clips */ = {isa = PBXBuildFile; fileRef = ACLPROD1 /* Vliegtuigtas Clip.app */; platformFilter = ios; settings = {ATTRIBUTES = (RemoveHeaderOnCopy, ); }; };
		ACP00001 /* CarPlayDelegate.swift in Sources */ = {isa = PBXBuildFile; fileRef = ACP10001 /* CarPlayDelegate.swift */; };
		AFL00001 /* Flights.swift in Sources */ = {isa = PBXBuildFile; fileRef = AFL10001 /* Flights.swift */; };
		AG000001 /* BaggageGuideView.swift in Sources */ = {isa = PBXBuildFile; fileRef = AG100001 /* BaggageGuideView.swift */; };
		AI000001 /* AIAssistant.swift in Sources */ = {isa = PBXBuildFile; fileRef = AI100001 /* AIAssistant.swift */; };
		AI000002 /* AIAssistantView.swift in Sources */ = {isa = PBXBuildFile; fileRef = AI100002 /* AIAssistantView.swift */; };
		AIC00001 /* AppIconPicker.swift in Sources */ = {isa = PBXBuildFile; fileRef = AIC10001 /* AppIconPicker.swift */; };
		AL000001 /* FlightActivityAttributes.swift in Sources */ = {isa = PBXBuildFile; fileRef = AL100001 /* FlightActivityAttributes.swift */; };
		AL000002 /* FlightLiveActivityManager.swift in Sources */ = {isa = PBXBuildFile; fileRef = AL100002 /* FlightLiveActivityManager.swift */; };
		AL000003 /* FlightActivityAttributes.swift in Sources */ = {isa = PBXBuildFile; fileRef = AL100001 /* FlightActivityAttributes.swift */; };
		AL000004 /* FlightLiveActivity.swift in Sources */ = {isa = PBXBuildFile; fileRef = AL100003 /* FlightLiveActivity.swift */; };
		AM000001 /* MyBags.swift in Sources */ = {isa = PBXBuildFile; fileRef = AM100001 /* MyBags.swift */; };
		TRP00001 /* Trips.swift in Sources */ = {isa = PBXBuildFile; fileRef = TRP10001 /* Trips.swift */; };
		TRP00002 /* TripsView.swift in Sources */ = {isa = PBXBuildFile; fileRef = TRP10002 /* TripsView.swift */; };
		BKL00001 /* BucketList.swift in Sources */ = {isa = PBXBuildFile; fileRef = BKL10001 /* BucketList.swift */; };
		BKL00002 /* BucketListView.swift in Sources */ = {isa = PBXBuildFile; fileRef = BKL10002 /* BucketListView.swift */; };
		ASI00001 /* AppleSignIn.swift in Sources */ = {isa = PBXBuildFile; fileRef = ASI10001 /* AppleSignIn.swift */; };
		UNS00001 /* UnsplashClient.swift in Sources */ = {isa = PBXBuildFile; fileRef = UNS10001 /* UnsplashClient.swift */; };
		PEX00001 /* PexelsClient.swift in Sources */ = {isa = PBXBuildFile; fileRef = PEX10001 /* PexelsClient.swift */; };
		AVS00001 /* AviationstackClient.swift in Sources */ = {isa = PBXBuildFile; fileRef = AVS10001 /* AviationstackClient.swift */; };
		REF00001 /* ReferralManager.swift in Sources */ = {isa = PBXBuildFile; fileRef = REF10001 /* ReferralManager.swift */; };
		REF00002 /* ReferralView.swift in Sources */ = {isa = PBXBuildFile; fileRef = REF10002 /* ReferralView.swift */; };
		JRN00001 /* JourneyManager.swift in Sources */ = {isa = PBXBuildFile; fileRef = JRN10001 /* JourneyManager.swift */; };
		JRN00002 /* JourneyView.swift in Sources */ = {isa = PBXBuildFile; fileRef = JRN10002 /* JourneyView.swift */; };
		AMICE01 /* AmiceKoffer.mp4 in Resources */ = {isa = PBXBuildFile; fileRef = AMICER1 /* AmiceKoffer.mp4 */; };
		AN000001 /* NotificationPlanner.swift in Sources */ = {isa = PBXBuildFile; fileRef = AN100001 /* NotificationPlanner.swift */; };
		AP000001 /* AppIntentsSupport.swift in Sources */ = {isa = PBXBuildFile; fileRef = AP100001 /* AppIntentsSupport.swift */; };
		APA00001 /* PackingAlarms.swift in Sources */ = {isa = PBXBuildFile; fileRef = APA10001 /* PackingAlarms.swift */; };
		APRT0001 /* AirportsInformationView.swift in Sources */ = {isa = PBXBuildFile; fileRef = APRT1001 /* AirportsInformationView.swift */; };
		APST0001 /* AirportsStore.swift in Sources */ = {isa = PBXBuildFile; fileRef = APST1001 /* AirportsStore.swift */; };
		AS000001 /* SplitFlapBoard.swift in Sources */ = {isa = PBXBuildFile; fileRef = AS100001 /* SplitFlapBoard.swift */; };
		AUC00001 /* AppUpdateChecker.swift in Sources */ = {isa = PBXBuildFile; fileRef = AUC10001 /* AppUpdateChecker.swift */; };
		AWN00001 /* WhatsNewView.swift in Sources */ = {isa = PBXBuildFile; fileRef = AWN10001 /* WhatsNewView.swift */; };
		AVN00001 /* VliegtuigtasVisionApp.swift in Sources */ = {isa = PBXBuildFile; fileRef = AVN10001 /* VliegtuigtasVisionApp.swift */; };
		AVN00002 /* VisionContentView.swift in Sources */ = {isa = PBXBuildFile; fileRef = AVN10002 /* VisionContentView.swift */; };
		AVN00003 /* BagVolumeView.swift in Sources */ = {isa = PBXBuildFile; fileRef = AVN10003 /* BagVolumeView.swift */; };
		AVN00004 /* Models.swift in Sources */ = {isa = PBXBuildFile; fileRef = AA100004 /* Models.swift */; };
		AVN00005 /* APIClient.swift in Sources */ = {isa = PBXBuildFile; fileRef = AA100005 /* APIClient.swift */; };
		AVN00006 /* AirlineStore.swift in Sources */ = {isa = PBXBuildFile; fileRef = AA100006 /* AirlineStore.swift */; };
		AVN00007 /* Assets.xcassets in Resources */ = {isa = PBXBuildFile; fileRef = AVN10004 /* Assets.xcassets */; };
		AW000001 /* Models.swift in Sources */ = {isa = PBXBuildFile; fileRef = AA100004 /* Models.swift */; };
		AW000002 /* APIClient.swift in Sources */ = {isa = PBXBuildFile; fileRef = AA100005 /* APIClient.swift */; };
		AW000003 /* AirlineStore.swift in Sources */ = {isa = PBXBuildFile; fileRef = AA100006 /* AirlineStore.swift */; };
		AW000004 /* VliegtuigtasWatchApp.swift in Sources */ = {isa = PBXBuildFile; fileRef = AW100001 /* VliegtuigtasWatchApp.swift */; };
		AW000005 /* WatchContentView.swift in Sources */ = {isa = PBXBuildFile; fileRef = AW100002 /* WatchContentView.swift */; };
		AW000006 /* WatchAirlineDetailView.swift in Sources */ = {isa = PBXBuildFile; fileRef = AW100003 /* WatchAirlineDetailView.swift */; };
		AW000007 /* WatchMyBagView.swift in Sources */ = {isa = PBXBuildFile; fileRef = AW100004 /* WatchMyBagView.swift */; };
		AW000008 /* WatchTheme.swift in Sources */ = {isa = PBXBuildFile; fileRef = AW100005 /* WatchTheme.swift */; };
		AW000009 /* WatchBagStore.swift in Sources */ = {isa = PBXBuildFile; fileRef = AW100006 /* WatchBagStore.swift */; };
		AW000010 /* Assets.xcassets in Resources */ = {isa = PBXBuildFile; fileRef = AW100007 /* Assets.xcassets */; };
		AW000011 /* Vliegtuigtas Watch.app in Embed Watch Content */ = {isa = PBXBuildFile; fileRef = AWPROD01 /* Vliegtuigtas Watch.app */; platformFilter = ios; settings = {ATTRIBUTES = (RemoveHeaderOnCopy, ); }; };
		AWI00001 /* WatchIntents.swift in Sources */ = {isa = PBXBuildFile; fileRef = AW100008 /* WatchIntents.swift */; };
		AWW00001 /* VliegtuigtasWatchWidgets.swift in Sources */ = {isa = PBXBuildFile; fileRef = AWW10001 /* VliegtuigtasWatchWidgets.swift */; };
		AWW00002 /* Vliegtuigtas Watch Widgets.appex in Embed Foundation Extensions */ = {isa = PBXBuildFile; fileRef = AWWPROD1 /* Vliegtuigtas Watch Widgets.appex */; settings = {ATTRIBUTES = (RemoveHeaderOnCopy, ); }; };
		AY000001 /* CloudSync.swift in Sources */ = {isa = PBXBuildFile; fileRef = AY100001 /* CloudSync.swift */; };
		AZ000001 /* ProfileView.swift in Sources */ = {isa = PBXBuildFile; fileRef = AZ100001 /* ProfileView.swift */; };
		BE744C57DCD58610FDB56695 /* Vliegtuigtas Extension.appex in Embed Foundation Extensions */ = {isa = PBXBuildFile; fileRef = 1777E1FA4F444DC27257F0E8 /* Vliegtuigtas Extension.appex */; platformFilter = ios; settings = {ATTRIBUTES = (RemoveHeaderOnCopy, ); }; };
		BTAG01 /* BaggageTagUI.swift in Sources */ = {isa = PBXBuildFile; fileRef = BTAGR1 /* BaggageTagUI.swift */; };
		C5E6B9AF86AF28274364CFE3 /* images in Resources */ = {isa = PBXBuildFile; fileRef = 44FDB403A24A66E3FB14354C /* images */; };
		D08B2776C705619F24F08AE4 /* PrivacyInfo.xcprivacy in Resources */ = {isa = PBXBuildFile; fileRef = 1983025B3BCD9971F0E73437 /* PrivacyInfo.xcprivacy */; };
		D0A32B8F5633B8B8EABB6741 /* DestinationWeather.swift in Sources */ = {isa = PBXBuildFile; fileRef = 3F7C8BC6FFF234A851B4CC06 /* DestinationWeather.swift */; };
		E8C2A7FEED5C23D12D8205F0 /* popup.html in Resources */ = {isa = PBXBuildFile; fileRef = CBC02DF0768DC8CAD9E90E6A /* popup.html */; };
		EA0356CE026EB8068DF5D59F /* PrivacyInfo.xcprivacy in Resources */ = {isa = PBXBuildFile; fileRef = 1F4DFF7AF4901C60165F2B03 /* PrivacyInfo.xcprivacy */; };
		FBL_APP /* Frutiger_bold.ttf in Resources */ = {isa = PBXBuildFile; fileRef = FRUTBLD1 /* Frutiger_bold.ttf */; };
		FBL_CLP /* Frutiger_bold.ttf in Resources */ = {isa = PBXBuildFile; fileRef = FRUTBLD1 /* Frutiger_bold.ttf */; };
		FBL_VIS /* Frutiger_bold.ttf in Resources */ = {isa = PBXBuildFile; fileRef = FRUTBLD1 /* Frutiger_bold.ttf */; };
		FBL_WID /* Frutiger_bold.ttf in Resources */ = {isa = PBXBuildFile; fileRef = FRUTBLD1 /* Frutiger_bold.ttf */; };
		FRG_APP /* Frutiger.ttf in Resources */ = {isa = PBXBuildFile; fileRef = FRUTREG1 /* Frutiger.ttf */; };
		FRG_CLP /* Frutiger.ttf in Resources */ = {isa = PBXBuildFile; fileRef = FRUTREG1 /* Frutiger.ttf */; };
		FRG_VIS /* Frutiger.ttf in Resources */ = {isa = PBXBuildFile; fileRef = FRUTREG1 /* Frutiger.ttf */; };
		FRG_WID /* Frutiger.ttf in Resources */ = {isa = PBXBuildFile; fileRef = FRUTREG1 /* Frutiger.ttf */; };
		PMEDIA01 /* ProductMedia.swift in Sources */ = {isa = PBXBuildFile; fileRef = PMEDIAR1 /* ProductMedia.swift */; };
		REMS0001 /* RemindersService.swift in Sources */ = {isa = PBXBuildFile; fileRef = REMS1001 /* RemindersService.swift */; };
		REVW01 /* ReviewInvite.swift in Sources */ = {isa = PBXBuildFile; fileRef = REVWR1 /* ReviewInvite.swift */; };
		TYPO_APP /* Typography.swift in Sources */ = {isa = PBXBuildFile; fileRef = TYPOREF1 /* Typography.swift */; };
		TYPO_CLP /* Typography.swift in Sources */ = {isa = PBXBuildFile; fileRef = TYPOREF1 /* Typography.swift */; };
		TYPO_VIS /* Typography.swift in Sources */ = {isa = PBXBuildFile; fileRef = TYPOREF1 /* Typography.swift */; };
		TYPO_WCH /* Typography.swift in Sources */ = {isa = PBXBuildFile; fileRef = TYPOREF1 /* Typography.swift */; };
		TYPO_WID /* Typography.swift in Sources */ = {isa = PBXBuildFile; fileRef = TYPOREF1 /* Typography.swift */; };
		TYPO_WWG /* Typography.swift in Sources */ = {isa = PBXBuildFile; fileRef = TYPOREF1 /* Typography.swift */; };
		ATV00001 /* VliegtuigtasTVApp.swift in Sources */ = {isa = PBXBuildFile; fileRef = ATV10001 /* VliegtuigtasTVApp.swift */; };
		ATV00002 /* TVBoardView.swift in Sources */ = {isa = PBXBuildFile; fileRef = ATV10002 /* TVBoardView.swift */; };
		ATV00003 /* TVSavedData.swift in Sources */ = {isa = PBXBuildFile; fileRef = ATV10003 /* TVSavedData.swift */; };
		ATV00004 /* Assets.xcassets in Resources */ = {isa = PBXBuildFile; fileRef = ATV10004 /* Assets.xcassets */; };
		ATV00005 /* Models.swift in Sources */ = {isa = PBXBuildFile; fileRef = AA100004 /* Models.swift */; };
		ATV00006 /* APIClient.swift in Sources */ = {isa = PBXBuildFile; fileRef = AA100005 /* APIClient.swift */; };
		ATV00007 /* AirlineStore.swift in Sources */ = {isa = PBXBuildFile; fileRef = AA100006 /* AirlineStore.swift */; };
		TYPO_TV /* Typography.swift in Sources */ = {isa = PBXBuildFile; fileRef = TYPOREF1 /* Typography.swift */; };
		FRG_TV /* Frutiger.ttf in Resources */ = {isa = PBXBuildFile; fileRef = FRUTREG1 /* Frutiger.ttf */; };
		FBL_TV /* Frutiger_bold.ttf in Resources */ = {isa = PBXBuildFile; fileRef = FRUTBLD1 /* Frutiger_bold.ttf */; };
		ATV00008 /* PimTicker.swift in Sources */ = {isa = PBXBuildFile; fileRef = ATV10006 /* PimTicker.swift */; };
		ATV00009 /* TVFlapClock.swift in Sources */ = {isa = PBXBuildFile; fileRef = ATV10007 /* TVFlapClock.swift */; };
/* End PBXBuildFile section */

/* Begin PBXContainerItemProxy section */
		5E382108EDF2F9262B74C222 /* PBXContainerItemProxy */ = {
			isa = PBXContainerItemProxy;
			containerPortal = AAPROJECT1 /* Project object */;
			proxyType = 1;
			remoteGlobalIDString = 1CA59C60E1B2ACA8433200B3;
			remoteInfo = "Vliegtuigtas Extension";
		};
		AAWPRX01 /* PBXContainerItemProxy */ = {
			isa = PBXContainerItemProxy;
			containerPortal = AAPROJECT1 /* Project object */;
			proxyType = 1;
			remoteGlobalIDString = AAWTGT01;
			remoteInfo = "Vliegtuigtas Widgets";
		};
		STKPRX01 /* PBXContainerItemProxy */ = {
			isa = PBXContainerItemProxy;
			containerPortal = AAPROJECT1 /* Project object */;
			proxyType = 1;
			remoteGlobalIDString = STKTGT01;
			remoteInfo = "Vliegtuigtas Stickers";
		};
		ACLPRX01 /* PBXContainerItemProxy */ = {
			isa = PBXContainerItemProxy;
			containerPortal = AAPROJECT1 /* Project object */;
			proxyType = 1;
			remoteGlobalIDString = ACLTGT01;
			remoteInfo = "Vliegtuigtas Clip";
		};
		AWPRX01 /* PBXContainerItemProxy */ = {
			isa = PBXContainerItemProxy;
			containerPortal = AAPROJECT1 /* Project object */;
			proxyType = 1;
			remoteGlobalIDString = AWTGT01;
			remoteInfo = "Vliegtuigtas Watch";
		};
		AWWPRX01 /* PBXContainerItemProxy */ = {
			isa = PBXContainerItemProxy;
			containerPortal = AAPROJECT1 /* Project object */;
			proxyType = 1;
			remoteGlobalIDString = AWWTGT01;
			remoteInfo = "Vliegtuigtas Watch Widgets";
		};
/* End PBXContainerItemProxy section */

/* Begin PBXCopyFilesBuildPhase section */
		94A2A6104101983614E94051 /* Embed Foundation Extensions */ = {
			isa = PBXCopyFilesBuildPhase;
			buildActionMask = 2147483647;
			dstPath = "";
			dstSubfolderSpec = 13;
			files = (
				BE744C57DCD58610FDB56695 /* Vliegtuigtas Extension.appex in Embed Foundation Extensions */,
				AAW00002 /* Vliegtuigtas Widgets.appex in Embed Foundation Extensions */,
				STK00002 /* Vliegtuigtas Stickers.appex in Embed Foundation Extensions */,
			);
			name = "Embed Foundation Extensions";
			runOnlyForDeploymentPostprocessing = 0;
		};
		ACLEMBED /* Embed App Clips */ = {
			isa = PBXCopyFilesBuildPhase;
			buildActionMask = 2147483647;
			dstPath = "$(CONTENTS_FOLDER_PATH)/AppClips";
			dstSubfolderSpec = 16;
			files = (
				ACL00007 /* Vliegtuigtas Clip.app in Embed App Clips */,
			);
			name = "Embed App Clips";
			runOnlyForDeploymentPostprocessing = 0;
		};
		AWEMBED1 /* Embed Watch Content */ = {
			isa = PBXCopyFilesBuildPhase;
			buildActionMask = 2147483647;
			dstPath = "$(CONTENTS_FOLDER_PATH)/Watch";
			dstSubfolderSpec = 16;
			files = (
				AW000011 /* Vliegtuigtas Watch.app in Embed Watch Content */,
			);
			name = "Embed Watch Content";
			runOnlyForDeploymentPostprocessing = 0;
		};
		AWWEMBED /* Embed Foundation Extensions */ = {
			isa = PBXCopyFilesBuildPhase;
			buildActionMask = 2147483647;
			dstPath = "";
			dstSubfolderSpec = 13;
			files = (
				AWW00002 /* Vliegtuigtas Watch Widgets.appex in Embed Foundation Extensions */,
			);
			name = "Embed Foundation Extensions";
			runOnlyForDeploymentPostprocessing = 0;
		};
/* End PBXCopyFilesBuildPhase section */

/* Begin PBXFileReference section */
		1777E1FA4F444DC27257F0E8 /* Vliegtuigtas Extension.appex */ = {isa = PBXFileReference; explicitFileType = "wrapper.app-extension"; includeInIndex = 0; path = "Vliegtuigtas Extension.appex"; sourceTree = BUILT_PRODUCTS_DIR; };
		1983025B3BCD9971F0E73437 /* PrivacyInfo.xcprivacy */ = {isa = PBXFileReference; includeInIndex = 1; path = PrivacyInfo.xcprivacy; sourceTree = "<group>"; };
		1F4DFF7AF4901C60165F2B03 /* PrivacyInfo.xcprivacy */ = {isa = PBXFileReference; includeInIndex = 1; path = PrivacyInfo.xcprivacy; sourceTree = "<group>"; };
		319DCE782FF6E8C1009D1A42 /* Assets.xcassets */ = {isa = PBXFileReference; lastKnownFileType = folder.assetcatalog; path = Assets.xcassets; sourceTree = "<group>"; };
		34E24E52B02698D530FF2739 /* manifest.json */ = {isa = PBXFileReference; includeInIndex = 1; lastKnownFileType = text.json; name = manifest.json; path = Resources/manifest.json; sourceTree = "<group>"; };
		3DDDF13EECCE0B816FF72537 /* PrivacyInfo.xcprivacy */ = {isa = PBXFileReference; includeInIndex = 1; path = PrivacyInfo.xcprivacy; sourceTree = "<group>"; };
		3F7C8BC6FFF234A851B4CC06 /* DestinationWeather.swift */ = {isa = PBXFileReference; includeInIndex = 1; lastKnownFileType = sourcecode.swift; path = DestinationWeather.swift; sourceTree = "<group>"; };
		44FDB403A24A66E3FB14354C /* images */ = {isa = PBXFileReference; explicitFileType = folder; name = images; path = Resources/images; sourceTree = "<group>"; };
		4AA5C07F7036475590479CFD /* PrivacyInfo.xcprivacy */ = {isa = PBXFileReference; includeInIndex = 1; path = PrivacyInfo.xcprivacy; sourceTree = "<group>"; };
		52135C5BAE8E94DC433994F8 /* SafariWebExtensionHandler.swift */ = {isa = PBXFileReference; includeInIndex = 1; lastKnownFileType = sourcecode.swift; path = SafariWebExtensionHandler.swift; sourceTree = "<group>"; };
		5CEAAFB156F178B5F137720C /* background.js */ = {isa = PBXFileReference; includeInIndex = 1; lastKnownFileType = sourcecode.javascript; name = background.js; path = Resources/background.js; sourceTree = "<group>"; };
		8B284427ED128365BE8C3321 /* popup.js */ = {isa = PBXFileReference; includeInIndex = 1; lastKnownFileType = sourcecode.javascript; name = popup.js; path = Resources/popup.js; sourceTree = "<group>"; };
		95FEEF1589C24BFB462E5C23 /* Foundation.framework */ = {isa = PBXFileReference; lastKnownFileType = wrapper.framework; name = Foundation.framework; path = Platforms/iPhoneOS.platform/Developer/SDKs/iPhoneOS18.0.sdk/System/Library/Frameworks/Foundation.framework; sourceTree = DEVELOPER_DIR; };
		A8916FB229A565877D528BD1 /* popup.css */ = {isa = PBXFileReference; includeInIndex = 1; lastKnownFileType = text.css; name = popup.css; path = Resources/popup.css; sourceTree = "<group>"; };
		AA100001 /* VliegtuigtasApp.swift */ = {isa = PBXFileReference; lastKnownFileType = sourcecode.swift; path = VliegtuigtasApp.swift; sourceTree = "<group>"; };
		AA100002 /* ContentView.swift */ = {isa = PBXFileReference; lastKnownFileType = sourcecode.swift; path = ContentView.swift; sourceTree = "<group>"; };
		AA100003 /* Theme.swift */ = {isa = PBXFileReference; lastKnownFileType = sourcecode.swift; path = Theme.swift; sourceTree = "<group>"; };
		AA100004 /* Models.swift */ = {isa = PBXFileReference; lastKnownFileType = sourcecode.swift; path = Models.swift; sourceTree = "<group>"; };
		AA100005 /* APIClient.swift */ = {isa = PBXFileReference; lastKnownFileType = sourcecode.swift; path = APIClient.swift; sourceTree = "<group>"; };
		AA100006 /* AirlineStore.swift */ = {isa = PBXFileReference; lastKnownFileType = sourcecode.swift; path = AirlineStore.swift; sourceTree = "<group>"; };
		AA100007 /* SharedViews.swift */ = {isa = PBXFileReference; lastKnownFileType = sourcecode.swift; path = SharedViews.swift; sourceTree = "<group>"; };
		AA100008 /* HomeView.swift */ = {isa = PBXFileReference; lastKnownFileType = sourcecode.swift; path = HomeView.swift; sourceTree = "<group>"; };
		AA100009 /* AirlineListView.swift */ = {isa = PBXFileReference; lastKnownFileType = sourcecode.swift; path = AirlineListView.swift; sourceTree = "<group>"; };
		AA100010 /* AirlineDetailView.swift */ = {isa = PBXFileReference; lastKnownFileType = sourcecode.swift; path = AirlineDetailView.swift; sourceTree = "<group>"; };
		AA100011 /* BaggageCheckView.swift */ = {isa = PBXFileReference; lastKnownFileType = sourcecode.swift; path = BaggageCheckView.swift; sourceTree = "<group>"; };
		AA100012 /* BagsShopView.swift */ = {isa = PBXFileReference; lastKnownFileType = sourcecode.swift; path = BagsShopView.swift; sourceTree = "<group>"; };
		AA100013 /* Assets.xcassets */ = {isa = PBXFileReference; lastKnownFileType = folder.assetcatalog; path = Assets.xcassets; sourceTree = "<group>"; };
		AA100014 /* CheckFlowView.swift */ = {isa = PBXFileReference; lastKnownFileType = sourcecode.swift; path = CheckFlowView.swift; sourceTree = "<group>"; };
		AA100015 /* OnboardingView.swift */ = {isa = PBXFileReference; lastKnownFileType = sourcecode.swift; path = OnboardingView.swift; sourceTree = "<group>"; };
		AA100016 /* UserSession.swift */ = {isa = PBXFileReference; lastKnownFileType = sourcecode.swift; path = UserSession.swift; sourceTree = "<group>"; };
		AA100017 /* AppStrings.swift */ = {isa = PBXFileReference; lastKnownFileType = sourcecode.swift; path = AppStrings.swift; sourceTree = "<group>"; };
		AA100018 /* airplane_beep.mp3 */ = {isa = PBXFileReference; lastKnownFileType = audio.mp3; path = airplane_beep.mp3; sourceTree = "<group>"; };
		AA100019 /* SplashView.swift */ = {isa = PBXFileReference; lastKnownFileType = sourcecode.swift; path = SplashView.swift; sourceTree = "<group>"; };
		AA100020 /* BagDetailView.swift */ = {isa = PBXFileReference; lastKnownFileType = sourcecode.swift; path = BagDetailView.swift; sourceTree = "<group>"; };
		AA100021 /* Info.plist */ = {isa = PBXFileReference; lastKnownFileType = text.plist.xml; path = Info.plist; sourceTree = "<group>"; };
		AA100022 /* Vliegtuigtas.entitlements */ = {isa = PBXFileReference; lastKnownFileType = text.plist.entitlements; path = Vliegtuigtas.entitlements; sourceTree = "<group>"; };
		AA100030 /* solari_flap.wav */ = {isa = PBXFileReference; lastKnownFileType = audio.wav; path = solari_flap.wav; sourceTree = "<group>"; };
		AAPROD001 /* Vliegtuigtas.app */ = {isa = PBXFileReference; explicitFileType = wrapper.application; includeInIndex = 0; path = Vliegtuigtas.app; sourceTree = BUILT_PRODUCTS_DIR; };
		AAW10001 /* VliegtuigtasWidgets.swift */ = {isa = PBXFileReference; lastKnownFileType = sourcecode.swift; path = VliegtuigtasWidgets.swift; sourceTree = "<group>"; };
		TRW10001 /* TripCountdownWidget.swift */ = {isa = PBXFileReference; lastKnownFileType = sourcecode.swift; path = TripCountdownWidget.swift; sourceTree = "<group>"; };
		AAW10002 /* Info.plist */ = {isa = PBXFileReference; lastKnownFileType = text.plist.xml; path = Info.plist; sourceTree = "<group>"; };
		AAW10003 /* Vliegtuigtas Widgets.appex */ = {isa = PBXFileReference; explicitFileType = "wrapper.app-extension"; includeInIndex = 0; path = "Vliegtuigtas Widgets.appex"; sourceTree = BUILT_PRODUCTS_DIR; };
		STK10001 /* Info.plist */ = {isa = PBXFileReference; lastKnownFileType = text.plist.xml; path = Info.plist; sourceTree = "<group>"; };
		STK10002 /* Stickers.xcassets */ = {isa = PBXFileReference; lastKnownFileType = folder.assetcatalog; path = Stickers.xcassets; sourceTree = "<group>"; };
		STK10003 /* Vliegtuigtas Stickers.appex */ = {isa = PBXFileReference; explicitFileType = "wrapper.app-extension"; includeInIndex = 0; path = "Vliegtuigtas Stickers.appex"; sourceTree = BUILT_PRODUCTS_DIR; };
		AAW10004 /* VliegtuigtasWidgets.entitlements */ = {isa = PBXFileReference; lastKnownFileType = text.plist.entitlements; path = VliegtuigtasWidgets.entitlements; sourceTree = "<group>"; };
		AC100001 /* BagScannerView.swift */ = {isa = PBXFileReference; lastKnownFileType = sourcecode.swift; path = BagScannerView.swift; sourceTree = "<group>"; };
		ACL10001 /* VliegtuigtasClipApp.swift */ = {isa = PBXFileReference; lastKnownFileType = sourcecode.swift; path = VliegtuigtasClipApp.swift; sourceTree = "<group>"; };
		ACL10002 /* ClipCheckView.swift */ = {isa = PBXFileReference; lastKnownFileType = sourcecode.swift; path = ClipCheckView.swift; sourceTree = "<group>"; };
		ACL10003 /* VliegtuigtasClip.entitlements */ = {isa = PBXFileReference; lastKnownFileType = text.plist.entitlements; path = VliegtuigtasClip.entitlements; sourceTree = "<group>"; };
		ACLPROD1 /* Vliegtuigtas Clip.app */ = {isa = PBXFileReference; explicitFileType = wrapper.application; includeInIndex = 0; path = "Vliegtuigtas Clip.app"; sourceTree = BUILT_PRODUCTS_DIR; };
		ACP10001 /* CarPlayDelegate.swift */ = {isa = PBXFileReference; lastKnownFileType = sourcecode.swift; path = CarPlayDelegate.swift; sourceTree = "<group>"; };
		AFL10001 /* Flights.swift */ = {isa = PBXFileReference; lastKnownFileType = sourcecode.swift; path = Flights.swift; sourceTree = "<group>"; };
		AG100001 /* BaggageGuideView.swift */ = {isa = PBXFileReference; lastKnownFileType = sourcecode.swift; path = BaggageGuideView.swift; sourceTree = "<group>"; };
		AI100001 /* AIAssistant.swift */ = {isa = PBXFileReference; lastKnownFileType = sourcecode.swift; path = AIAssistant.swift; sourceTree = "<group>"; };
		AI100002 /* AIAssistantView.swift */ = {isa = PBXFileReference; lastKnownFileType = sourcecode.swift; path = AIAssistantView.swift; sourceTree = "<group>"; };
		AIC10001 /* AppIconPicker.swift */ = {isa = PBXFileReference; lastKnownFileType = sourcecode.swift; path = AppIconPicker.swift; sourceTree = "<group>"; };
		AL100001 /* FlightActivityAttributes.swift */ = {isa = PBXFileReference; lastKnownFileType = sourcecode.swift; path = FlightActivityAttributes.swift; sourceTree = "<group>"; };
		AL100002 /* FlightLiveActivityManager.swift */ = {isa = PBXFileReference; lastKnownFileType = sourcecode.swift; path = FlightLiveActivityManager.swift; sourceTree = "<group>"; };
		AL100003 /* FlightLiveActivity.swift */ = {isa = PBXFileReference; lastKnownFileType = sourcecode.swift; path = FlightLiveActivity.swift; sourceTree = "<group>"; };
		AM100001 /* MyBags.swift */ = {isa = PBXFileReference; lastKnownFileType = sourcecode.swift; path = MyBags.swift; sourceTree = "<group>"; };
		TRP10001 /* Trips.swift */ = {isa = PBXFileReference; lastKnownFileType = sourcecode.swift; path = Trips.swift; sourceTree = "<group>"; };
		TRP10002 /* TripsView.swift */ = {isa = PBXFileReference; lastKnownFileType = sourcecode.swift; path = TripsView.swift; sourceTree = "<group>"; };
		BKL10001 /* BucketList.swift */ = {isa = PBXFileReference; lastKnownFileType = sourcecode.swift; path = BucketList.swift; sourceTree = "<group>"; };
		BKL10002 /* BucketListView.swift */ = {isa = PBXFileReference; lastKnownFileType = sourcecode.swift; path = BucketListView.swift; sourceTree = "<group>"; };
		ASI10001 /* AppleSignIn.swift */ = {isa = PBXFileReference; lastKnownFileType = sourcecode.swift; path = AppleSignIn.swift; sourceTree = "<group>"; };
		UNS10001 /* UnsplashClient.swift */ = {isa = PBXFileReference; lastKnownFileType = sourcecode.swift; path = UnsplashClient.swift; sourceTree = "<group>"; };
		PEX10001 /* PexelsClient.swift */ = {isa = PBXFileReference; lastKnownFileType = sourcecode.swift; path = PexelsClient.swift; sourceTree = "<group>"; };
		AVS10001 /* AviationstackClient.swift */ = {isa = PBXFileReference; lastKnownFileType = sourcecode.swift; path = AviationstackClient.swift; sourceTree = "<group>"; };
		REF10001 /* ReferralManager.swift */ = {isa = PBXFileReference; lastKnownFileType = sourcecode.swift; path = ReferralManager.swift; sourceTree = "<group>"; };
		REF10002 /* ReferralView.swift */ = {isa = PBXFileReference; lastKnownFileType = sourcecode.swift; path = ReferralView.swift; sourceTree = "<group>"; };
		JRN10001 /* JourneyManager.swift */ = {isa = PBXFileReference; lastKnownFileType = sourcecode.swift; path = JourneyManager.swift; sourceTree = "<group>"; };
		JRN10002 /* JourneyView.swift */ = {isa = PBXFileReference; lastKnownFileType = sourcecode.swift; path = JourneyView.swift; sourceTree = "<group>"; };
		AMICER1 /* AmiceKoffer.mp4 */ = {isa = PBXFileReference; lastKnownFileType = file; path = AmiceKoffer.mp4; sourceTree = "<group>"; };
		AN100001 /* NotificationPlanner.swift */ = {isa = PBXFileReference; lastKnownFileType = sourcecode.swift; path = NotificationPlanner.swift; sourceTree = "<group>"; };
		AP100001 /* AppIntentsSupport.swift */ = {isa = PBXFileReference; lastKnownFileType = sourcecode.swift; path = AppIntentsSupport.swift; sourceTree = "<group>"; };
		APA10001 /* PackingAlarms.swift */ = {isa = PBXFileReference; lastKnownFileType = sourcecode.swift; path = PackingAlarms.swift; sourceTree = "<group>"; };
		APRT1001 /* AirportsInformationView.swift */ = {isa = PBXFileReference; lastKnownFileType = sourcecode.swift; path = AirportsInformationView.swift; sourceTree = "<group>"; };
		APST1001 /* AirportsStore.swift */ = {isa = PBXFileReference; lastKnownFileType = sourcecode.swift; path = AirportsStore.swift; sourceTree = "<group>"; };
		AS100001 /* SplitFlapBoard.swift */ = {isa = PBXFileReference; lastKnownFileType = sourcecode.swift; path = SplitFlapBoard.swift; sourceTree = "<group>"; };
		AUC10001 /* AppUpdateChecker.swift */ = {isa = PBXFileReference; lastKnownFileType = sourcecode.swift; path = AppUpdateChecker.swift; sourceTree = "<group>"; };
		AWN10001 /* WhatsNewView.swift */ = {isa = PBXFileReference; lastKnownFileType = sourcecode.swift; path = WhatsNewView.swift; sourceTree = "<group>"; };
		AVN10001 /* VliegtuigtasVisionApp.swift */ = {isa = PBXFileReference; lastKnownFileType = sourcecode.swift; path = VliegtuigtasVisionApp.swift; sourceTree = "<group>"; };
		AVN10002 /* VisionContentView.swift */ = {isa = PBXFileReference; lastKnownFileType = sourcecode.swift; path = VisionContentView.swift; sourceTree = "<group>"; };
		AVN10003 /* BagVolumeView.swift */ = {isa = PBXFileReference; lastKnownFileType = sourcecode.swift; path = BagVolumeView.swift; sourceTree = "<group>"; };
		AVN10004 /* Assets.xcassets */ = {isa = PBXFileReference; lastKnownFileType = folder.assetcatalog; path = Assets.xcassets; sourceTree = "<group>"; };
		AVNPROD1 /* Vliegtuigtas Vision.app */ = {isa = PBXFileReference; explicitFileType = wrapper.application; includeInIndex = 0; path = "Vliegtuigtas Vision.app"; sourceTree = BUILT_PRODUCTS_DIR; };
		AW100001 /* VliegtuigtasWatchApp.swift */ = {isa = PBXFileReference; lastKnownFileType = sourcecode.swift; path = VliegtuigtasWatchApp.swift; sourceTree = "<group>"; };
		AW100002 /* WatchContentView.swift */ = {isa = PBXFileReference; lastKnownFileType = sourcecode.swift; path = WatchContentView.swift; sourceTree = "<group>"; };
		AW100003 /* WatchAirlineDetailView.swift */ = {isa = PBXFileReference; lastKnownFileType = sourcecode.swift; path = WatchAirlineDetailView.swift; sourceTree = "<group>"; };
		AW100004 /* WatchMyBagView.swift */ = {isa = PBXFileReference; lastKnownFileType = sourcecode.swift; path = WatchMyBagView.swift; sourceTree = "<group>"; };
		AW100005 /* WatchTheme.swift */ = {isa = PBXFileReference; lastKnownFileType = sourcecode.swift; path = WatchTheme.swift; sourceTree = "<group>"; };
		AW100006 /* WatchBagStore.swift */ = {isa = PBXFileReference; lastKnownFileType = sourcecode.swift; path = WatchBagStore.swift; sourceTree = "<group>"; };
		AW100007 /* Assets.xcassets */ = {isa = PBXFileReference; lastKnownFileType = folder.assetcatalog; path = Assets.xcassets; sourceTree = "<group>"; };
		AW100008 /* WatchIntents.swift */ = {isa = PBXFileReference; lastKnownFileType = sourcecode.swift; path = WatchIntents.swift; sourceTree = "<group>"; };
		AWPROD01 /* Vliegtuigtas Watch.app */ = {isa = PBXFileReference; explicitFileType = wrapper.application; includeInIndex = 0; path = "Vliegtuigtas Watch.app"; sourceTree = BUILT_PRODUCTS_DIR; };
		AWW10001 /* VliegtuigtasWatchWidgets.swift */ = {isa = PBXFileReference; lastKnownFileType = sourcecode.swift; path = VliegtuigtasWatchWidgets.swift; sourceTree = "<group>"; };
		AWW10002 /* Info.plist */ = {isa = PBXFileReference; lastKnownFileType = text.plist.xml; path = Info.plist; sourceTree = "<group>"; };
		AWW10003 /* VliegtuigtasWatchWidgets.entitlements */ = {isa = PBXFileReference; lastKnownFileType = text.plist.entitlements; path = VliegtuigtasWatchWidgets.entitlements; sourceTree = "<group>"; };
		AWWPROD1 /* Vliegtuigtas Watch Widgets.appex */ = {isa = PBXFileReference; explicitFileType = "wrapper.app-extension"; includeInIndex = 0; path = "Vliegtuigtas Watch Widgets.appex"; sourceTree = BUILT_PRODUCTS_DIR; };
		AY100001 /* CloudSync.swift */ = {isa = PBXFileReference; lastKnownFileType = sourcecode.swift; path = CloudSync.swift; sourceTree = "<group>"; };
		AZ100001 /* ProfileView.swift */ = {isa = PBXFileReference; lastKnownFileType = sourcecode.swift; path = ProfileView.swift; sourceTree = "<group>"; };
		BTAGR1 /* BaggageTagUI.swift */ = {isa = PBXFileReference; lastKnownFileType = sourcecode.swift; path = BaggageTagUI.swift; sourceTree = "<group>"; };
		CBC02DF0768DC8CAD9E90E6A /* popup.html */ = {isa = PBXFileReference; includeInIndex = 1; lastKnownFileType = text.html; name = popup.html; path = Resources/popup.html; sourceTree = "<group>"; };
		CEF6E3764D6BE72872DED18D /* PrivacyInfo.xcprivacy */ = {isa = PBXFileReference; includeInIndex = 1; path = PrivacyInfo.xcprivacy; sourceTree = "<group>"; };
		D21544F7D8CDB9643A45CBB3 /* content.js */ = {isa = PBXFileReference; includeInIndex = 1; lastKnownFileType = sourcecode.javascript; name = content.js; path = Resources/content.js; sourceTree = "<group>"; };
		D4F2351D688C11BFA75D8756 /* Info.plist */ = {isa = PBXFileReference; includeInIndex = 1; lastKnownFileType = text.plist.xml; path = Info.plist; sourceTree = "<group>"; };
		D8C6038C7B3A3392A9C0D1C1 /* PrivacyInfo.xcprivacy */ = {isa = PBXFileReference; includeInIndex = 1; path = PrivacyInfo.xcprivacy; sourceTree = "<group>"; };
		FRUTBLD1 /* Frutiger_bold.ttf */ = {isa = PBXFileReference; lastKnownFileType = file; path = Frutiger_bold.ttf; sourceTree = "<group>"; };
		FRUTREG1 /* Frutiger.ttf */ = {isa = PBXFileReference; lastKnownFileType = file; path = Frutiger.ttf; sourceTree = "<group>"; };
		PMEDIAR1 /* ProductMedia.swift */ = {isa = PBXFileReference; lastKnownFileType = sourcecode.swift; path = ProductMedia.swift; sourceTree = "<group>"; };
		REMS1001 /* RemindersService.swift */ = {isa = PBXFileReference; lastKnownFileType = sourcecode.swift; path = RemindersService.swift; sourceTree = "<group>"; };
		REVWR1 /* ReviewInvite.swift */ = {isa = PBXFileReference; lastKnownFileType = sourcecode.swift; path = ReviewInvite.swift; sourceTree = "<group>"; };
		TYPOREF1 /* Typography.swift */ = {isa = PBXFileReference; lastKnownFileType = sourcecode.swift; path = Typography.swift; sourceTree = "<group>"; };
		ATV10001 /* VliegtuigtasTVApp.swift */ = {isa = PBXFileReference; lastKnownFileType = sourcecode.swift; path = VliegtuigtasTVApp.swift; sourceTree = "<group>"; };
		ATV10002 /* TVBoardView.swift */ = {isa = PBXFileReference; lastKnownFileType = sourcecode.swift; path = TVBoardView.swift; sourceTree = "<group>"; };
		ATV10003 /* TVSavedData.swift */ = {isa = PBXFileReference; lastKnownFileType = sourcecode.swift; path = TVSavedData.swift; sourceTree = "<group>"; };
		ATV10004 /* Assets.xcassets */ = {isa = PBXFileReference; lastKnownFileType = folder.assetcatalog; path = Assets.xcassets; sourceTree = "<group>"; };
		ATV10005 /* VliegtuigtasTV.entitlements */ = {isa = PBXFileReference; lastKnownFileType = text.plist.entitlements; path = VliegtuigtasTV.entitlements; sourceTree = "<group>"; };
		ATVPROD1 /* Vliegtuigtas TV.app */ = {isa = PBXFileReference; explicitFileType = wrapper.application; includeInIndex = 0; path = "Vliegtuigtas TV.app"; sourceTree = BUILT_PRODUCTS_DIR; };
		ATV10006 /* PimTicker.swift */ = {isa = PBXFileReference; lastKnownFileType = sourcecode.swift; path = PimTicker.swift; sourceTree = "<group>"; };
		ATV10007 /* TVFlapClock.swift */ = {isa = PBXFileReference; lastKnownFileType = sourcecode.swift; path = TVFlapClock.swift; sourceTree = "<group>"; };
/* End PBXFileReference section */

/* Begin PBXFrameworksBuildPhase section */
		7644D83FFF2C138CDF994E1B /* Frameworks */ = {
			isa = PBXFrameworksBuildPhase;
			buildActionMask = 2147483647;
			files = (
				A42E076F007410E892B63F3D /* Foundation.framework in Frameworks */,
			);
			runOnlyForDeploymentPostprocessing = 0;
		};
		AAWPH002 /* Frameworks */ = {
			isa = PBXFrameworksBuildPhase;
			buildActionMask = 2147483647;
			files = (
			);
			runOnlyForDeploymentPostprocessing = 0;
		};
		ACLPH002 /* Frameworks */ = {
			isa = PBXFrameworksBuildPhase;
			buildActionMask = 2147483647;
			files = (
			);
			runOnlyForDeploymentPostprocessing = 0;
		};
		AVNPH002 /* Frameworks */ = {
			isa = PBXFrameworksBuildPhase;
			buildActionMask = 2147483647;
			files = (
			);
			runOnlyForDeploymentPostprocessing = 0;
		};
		AWPH002 /* Frameworks */ = {
			isa = PBXFrameworksBuildPhase;
			buildActionMask = 2147483647;
			files = (
			);
			runOnlyForDeploymentPostprocessing = 0;
		};
		AWWPH002 /* Frameworks */ = {
			isa = PBXFrameworksBuildPhase;
			buildActionMask = 2147483647;
			files = (
			);
			runOnlyForDeploymentPostprocessing = 0;
		};
		ATVPH002 /* Frameworks */ = {
			isa = PBXFrameworksBuildPhase;
			buildActionMask = 2147483647;
			files = (
			);
			runOnlyForDeploymentPostprocessing = 0;
		};
		STKPH002 /* Frameworks */ = {
			isa = PBXFrameworksBuildPhase;
			buildActionMask = 2147483647;
			files = (
			);
			runOnlyForDeploymentPostprocessing = 0;
		};
/* End PBXFrameworksBuildPhase section */

/* Begin PBXGroup section */
		0FDF3B46CEF837A2E0680C07 /* VliegtuigtasExtension */ = {
			isa = PBXGroup;
			children = (
				52135C5BAE8E94DC433994F8 /* SafariWebExtensionHandler.swift */,
				D4F2351D688C11BFA75D8756 /* Info.plist */,
				34E24E52B02698D530FF2739 /* manifest.json */,
				D21544F7D8CDB9643A45CBB3 /* content.js */,
				5CEAAFB156F178B5F137720C /* background.js */,
				CBC02DF0768DC8CAD9E90E6A /* popup.html */,
				A8916FB229A565877D528BD1 /* popup.css */,
				8B284427ED128365BE8C3321 /* popup.js */,
				44FDB403A24A66E3FB14354C /* images */,
			);
			path = VliegtuigtasExtension;
			sourceTree = "<group>";
		};
		6EF4BC572587BBCF87A49128 /* iOS */ = {
			isa = PBXGroup;
			children = (
				95FEEF1589C24BFB462E5C23 /* Foundation.framework */,
			);
			name = iOS;
			sourceTree = "<group>";
		};
		A2A76474FA7E96403C8DE346 /* Frameworks */ = {
			isa = PBXGroup;
			children = (
				6EF4BC572587BBCF87A49128 /* iOS */,
			);
			name = Frameworks;
			sourceTree = "<group>";
		};
		AAGRP000 = {
			isa = PBXGroup;
			children = (
				AAGRP001 /* VliegtuigtasApp */,
				AAGRP002 /* Products */,
				0FDF3B46CEF837A2E0680C07 /* VliegtuigtasExtension */,
				AAWGRP01 /* VliegtuigtasWidgets */,
				STKGRP01 /* VliegtuigtasStickers */,
				AWGRP01 /* VliegtuigtasWatch */,
				AWWGRP01 /* VliegtuigtasWatchWidgets */,
				ACLGRP01 /* VliegtuigtasClip */,
				AVNGRP01 /* VliegtuigtasVision */,
				ATVGRP01 /* VliegtuigtasTV */,
				A2A76474FA7E96403C8DE346 /* Frameworks */,
			);
			sourceTree = "<group>";
		};
		AAGRP001 /* VliegtuigtasApp */ = {
			isa = PBXGroup;
			children = (
				AA100001 /* VliegtuigtasApp.swift */,
				AA100002 /* ContentView.swift */,
				AA100003 /* Theme.swift */,
				AA100004 /* Models.swift */,
				AA100005 /* APIClient.swift */,
				AA100006 /* AirlineStore.swift */,
				AA100007 /* SharedViews.swift */,
				AA100008 /* HomeView.swift */,
				AA100009 /* AirlineListView.swift */,
				AA100010 /* AirlineDetailView.swift */,
				AA100011 /* BaggageCheckView.swift */,
				AA100012 /* BagsShopView.swift */,
				AA100013 /* Assets.xcassets */,
				AA100014 /* CheckFlowView.swift */,
				AA100015 /* OnboardingView.swift */,
				AA100016 /* UserSession.swift */,
				AA100017 /* AppStrings.swift */,
				AA100018 /* airplane_beep.mp3 */,
				AA100030 /* solari_flap.wav */,
				AA100019 /* SplashView.swift */,
				AA100020 /* BagDetailView.swift */,
				AL100001 /* FlightActivityAttributes.swift */,
				AL100002 /* FlightLiveActivityManager.swift */,
				AI100001 /* AIAssistant.swift */,
				AI100002 /* AIAssistantView.swift */,
				TYPOREF1 /* Typography.swift */,
				PMEDIAR1 /* ProductMedia.swift */,
				REVWR1 /* ReviewInvite.swift */,
				BTAGR1 /* BaggageTagUI.swift */,
				AMICER1 /* AmiceKoffer.mp4 */,
				FRUTREG1 /* Frutiger.ttf */,
				FRUTBLD1 /* Frutiger_bold.ttf */,
				APRT1001 /* AirportsInformationView.swift */,
				APST1001 /* AirportsStore.swift */,
				REMS1001 /* RemindersService.swift */,
				AP100001 /* AppIntentsSupport.swift */,
				AS100001 /* SplitFlapBoard.swift */,
				AUC10001 /* AppUpdateChecker.swift */,
				AWN10001 /* WhatsNewView.swift */,
				AC100001 /* BagScannerView.swift */,
				AG100001 /* BaggageGuideView.swift */,
				AY100001 /* CloudSync.swift */,
				AZ100001 /* ProfileView.swift */,
				AN100001 /* NotificationPlanner.swift */,
				AM100001 /* MyBags.swift */,
				TRP10001 /* Trips.swift */,
				TRP10002 /* TripsView.swift */,
				BKL10001 /* BucketList.swift */,
				BKL10002 /* BucketListView.swift */,
				ASI10001 /* AppleSignIn.swift */,
				UNS10001 /* UnsplashClient.swift */,
				PEX10001 /* PexelsClient.swift */,
				AVS10001 /* AviationstackClient.swift */,
				REF10001 /* ReferralManager.swift */,
				REF10002 /* ReferralView.swift */,
				JRN10001 /* JourneyManager.swift */,
				JRN10002 /* JourneyView.swift */,
				AFL10001 /* Flights.swift */,
				AIC10001 /* AppIconPicker.swift */,
				APA10001 /* PackingAlarms.swift */,
				ACP10001 /* CarPlayDelegate.swift */,
				AA100021 /* Info.plist */,
				AA100022 /* Vliegtuigtas.entitlements */,
				4AA5C07F7036475590479CFD /* PrivacyInfo.xcprivacy */,
				3F7C8BC6FFF234A851B4CC06 /* DestinationWeather.swift */,
			);
			path = VliegtuigtasApp;
			sourceTree = "<group>";
		};
		AAGRP002 /* Products */ = {
			isa = PBXGroup;
			children = (
				AAPROD001 /* Vliegtuigtas.app */,
				1777E1FA4F444DC27257F0E8 /* Vliegtuigtas Extension.appex */,
				AAW10003 /* Vliegtuigtas Widgets.appex */,
				STK10003 /* Vliegtuigtas Stickers.appex */,
				AWPROD01 /* Vliegtuigtas Watch.app */,
				ACLPROD1 /* Vliegtuigtas Clip.app */,
				AWWPROD1 /* Vliegtuigtas Watch Widgets.appex */,
				AVNPROD1 /* Vliegtuigtas Vision.app */,
				ATVPROD1 /* Vliegtuigtas TV.app */,
			);
			name = Products;
			sourceTree = "<group>";
		};
		STKGRP01 /* VliegtuigtasStickers */ = {
			isa = PBXGroup;
			children = (
				STK10002 /* Stickers.xcassets */,
				STK10001 /* Info.plist */,
			);
			path = VliegtuigtasStickers;
			sourceTree = "<group>";
		};
		AAWGRP01 /* VliegtuigtasWidgets */ = {
			isa = PBXGroup;
			children = (
				AAW10001 /* VliegtuigtasWidgets.swift */,
				TRW10001 /* TripCountdownWidget.swift */,
				AL100003 /* FlightLiveActivity.swift */,
				AAW10002 /* Info.plist */,
				AAW10004 /* VliegtuigtasWidgets.entitlements */,
				D8C6038C7B3A3392A9C0D1C1 /* PrivacyInfo.xcprivacy */,
			);
			path = VliegtuigtasWidgets;
			sourceTree = "<group>";
		};
		ACLGRP01 /* VliegtuigtasClip */ = {
			isa = PBXGroup;
			children = (
				319DCE782FF6E8C1009D1A42 /* Assets.xcassets */,
				ACL10001 /* VliegtuigtasClipApp.swift */,
				ACL10002 /* ClipCheckView.swift */,
				ACL10003 /* VliegtuigtasClip.entitlements */,
				1F4DFF7AF4901C60165F2B03 /* PrivacyInfo.xcprivacy */,
			);
			path = VliegtuigtasClip;
			sourceTree = "<group>";
		};
		AVNGRP01 /* VliegtuigtasVision */ = {
			isa = PBXGroup;
			children = (
				AVN10004 /* Assets.xcassets */,
				AVN10001 /* VliegtuigtasVisionApp.swift */,
				AVN10002 /* VisionContentView.swift */,
				AVN10003 /* BagVolumeView.swift */,
				1983025B3BCD9971F0E73437 /* PrivacyInfo.xcprivacy */,
			);
			path = VliegtuigtasVision;
			sourceTree = "<group>";
		};
		ATVGRP01 /* VliegtuigtasTV */ = {
			isa = PBXGroup;
			children = (
				ATV10004 /* Assets.xcassets */,
				ATV10001 /* VliegtuigtasTVApp.swift */,
				ATV10002 /* TVBoardView.swift */,
				ATV10003 /* TVSavedData.swift */,
				ATV10006 /* PimTicker.swift */,
				ATV10007 /* TVFlapClock.swift */,
				ATV10005 /* VliegtuigtasTV.entitlements */,
			);
			path = VliegtuigtasTV;
			sourceTree = "<group>";
		};
		AWGRP01 /* VliegtuigtasWatch */ = {
			isa = PBXGroup;
			children = (
				AW100001 /* VliegtuigtasWatchApp.swift */,
				AW100002 /* WatchContentView.swift */,
				AW100003 /* WatchAirlineDetailView.swift */,
				AW100004 /* WatchMyBagView.swift */,
				AW100005 /* WatchTheme.swift */,
				AW100006 /* WatchBagStore.swift */,
				AW100008 /* WatchIntents.swift */,
				AW100007 /* Assets.xcassets */,
				3DDDF13EECCE0B816FF72537 /* PrivacyInfo.xcprivacy */,
			);
			path = VliegtuigtasWatch;
			sourceTree = "<group>";
		};
		AWWGRP01 /* VliegtuigtasWatchWidgets */ = {
			isa = PBXGroup;
			children = (
				AWW10001 /* VliegtuigtasWatchWidgets.swift */,
				AWW10002 /* Info.plist */,
				AWW10003 /* VliegtuigtasWatchWidgets.entitlements */,
				CEF6E3764D6BE72872DED18D /* PrivacyInfo.xcprivacy */,
			);
			path = VliegtuigtasWatchWidgets;
			sourceTree = "<group>";
		};
/* End PBXGroup section */

/* Begin PBXNativeTarget section */
		1CA59C60E1B2ACA8433200B3 /* Vliegtuigtas Extension */ = {
			isa = PBXNativeTarget;
			buildConfigurationList = D7AB5204C111FDC18E345E5A /* Build configuration list for PBXNativeTarget "Vliegtuigtas Extension" */;
			buildPhases = (
				CBA7D25F3A1F9ACA13170059 /* Sources */,
				7644D83FFF2C138CDF994E1B /* Frameworks */,
				1C17C419419257FEF6779344 /* Resources */,
			);
			buildRules = (
			);
			dependencies = (
			);
			name = "Vliegtuigtas Extension";
			productName = "Vliegtuigtas Extension";
			productReference = 1777E1FA4F444DC27257F0E8 /* Vliegtuigtas Extension.appex */;
			productType = "com.apple.product-type.app-extension";
		};
		AATARGET1 /* Vliegtuigtas */ = {
			isa = PBXNativeTarget;
			buildConfigurationList = AACFGLIST1 /* Build configuration list for PBXNativeTarget "Vliegtuigtas" */;
			buildPhases = (
				AAPHASE001 /* Sources */,
				AAPHASE002 /* Resources */,
				94A2A6104101983614E94051 /* Embed Foundation Extensions */,
				AWEMBED1 /* Embed Watch Content */,
				ACLEMBED /* Embed App Clips */,
			);
			buildRules = (
			);
			dependencies = (
				56539FABA16615F638E56135 /* PBXTargetDependency */,
				AAWDEP01 /* PBXTargetDependency */,
				STKDEP01 /* PBXTargetDependency */,
				AWDEP01 /* PBXTargetDependency */,
				ACLDEP01 /* PBXTargetDependency */,
			);
			name = Vliegtuigtas;
			productName = Vliegtuigtas;
			productReference = AAPROD001 /* Vliegtuigtas.app */;
			productType = "com.apple.product-type.application";
		};
		AAWTGT01 /* Vliegtuigtas Widgets */ = {
			isa = PBXNativeTarget;
			buildConfigurationList = AAWCFGL1 /* Build configuration list for PBXNativeTarget "Vliegtuigtas Widgets" */;
			buildPhases = (
				AAWPH001 /* Sources */,
				AAWPH002 /* Frameworks */,
				AAWPH003 /* Resources */,
			);
			buildRules = (
			);
			dependencies = (
			);
			name = "Vliegtuigtas Widgets";
			productName = "Vliegtuigtas Widgets";
			productReference = AAW10003 /* Vliegtuigtas Widgets.appex */;
			productType = "com.apple.product-type.app-extension";
		};
		STKTGT01 /* Vliegtuigtas Stickers */ = {
			isa = PBXNativeTarget;
			buildConfigurationList = STKCFGL1 /* Build configuration list for PBXNativeTarget "Vliegtuigtas Stickers" */;
			buildPhases = (
				STKPH001 /* Sources */,
				STKPH002 /* Frameworks */,
				STKPH003 /* Resources */,
			);
			buildRules = (
			);
			dependencies = (
			);
			name = "Vliegtuigtas Stickers";
			productName = "Vliegtuigtas Stickers";
			productReference = STK10003 /* Vliegtuigtas Stickers.appex */;
			productType = "com.apple.product-type.app-extension.messages-sticker-pack";
		};
		ACLTGT01 /* Vliegtuigtas Clip */ = {
			isa = PBXNativeTarget;
			buildConfigurationList = ACLCFGL1 /* Build configuration list for PBXNativeTarget "Vliegtuigtas Clip" */;
			buildPhases = (
				ACLPH001 /* Sources */,
				ACLPH002 /* Frameworks */,
				ACLPH003 /* Resources */,
			);
			buildRules = (
			);
			dependencies = (
			);
			name = "Vliegtuigtas Clip";
			productName = "Vliegtuigtas Clip";
			productReference = ACLPROD1 /* Vliegtuigtas Clip.app */;
			productType = "com.apple.product-type.application.on-demand-install-capable";
		};
		AVNTGT01 /* Vliegtuigtas Vision */ = {
			isa = PBXNativeTarget;
			buildConfigurationList = AVNCFGL1 /* Build configuration list for PBXNativeTarget "Vliegtuigtas Vision" */;
			buildPhases = (
				AVNPH001 /* Sources */,
				AVNPH002 /* Frameworks */,
				AVNPH003 /* Resources */,
			);
			buildRules = (
			);
			dependencies = (
			);
			name = "Vliegtuigtas Vision";
			productName = "Vliegtuigtas Vision";
			productReference = AVNPROD1 /* Vliegtuigtas Vision.app */;
			productType = "com.apple.product-type.application";
		};
		AWTGT01 /* Vliegtuigtas Watch */ = {
			isa = PBXNativeTarget;
			buildConfigurationList = AWCFGL1 /* Build configuration list for PBXNativeTarget "Vliegtuigtas Watch" */;
			buildPhases = (
				AWPH001 /* Sources */,
				AWPH002 /* Frameworks */,
				AWPH003 /* Resources */,
				AWWEMBED /* Embed Foundation Extensions */,
			);
			buildRules = (
			);
			dependencies = (
				AWWDEP01 /* PBXTargetDependency */,
			);
			name = "Vliegtuigtas Watch";
			productName = "Vliegtuigtas Watch";
			productReference = AWPROD01 /* Vliegtuigtas Watch.app */;
			productType = "com.apple.product-type.application";
		};
		AWWTGT01 /* Vliegtuigtas Watch Widgets */ = {
			isa = PBXNativeTarget;
			buildConfigurationList = AWWCFGL2 /* Build configuration list for PBXNativeTarget "Vliegtuigtas Watch Widgets" */;
			buildPhases = (
				AWWPH001 /* Sources */,
				AWWPH002 /* Frameworks */,
				AWWPH003 /* Resources */,
			);
			buildRules = (
			);
			dependencies = (
			);
			name = "Vliegtuigtas Watch Widgets";
			productName = "Vliegtuigtas Watch Widgets";
			productReference = AWWPROD1 /* Vliegtuigtas Watch Widgets.appex */;
			productType = "com.apple.product-type.app-extension";
		};
		ATVTGT01 /* Vliegtuigtas TV */ = {
			isa = PBXNativeTarget;
			buildConfigurationList = ATVCFGL1 /* Build configuration list for PBXNativeTarget "Vliegtuigtas TV" */;
			buildPhases = (
				ATVPH001 /* Sources */,
				ATVPH002 /* Frameworks */,
				ATVPH003 /* Resources */,
			);
			buildRules = (
			);
			dependencies = (
			);
			name = "Vliegtuigtas TV";
			productName = "Vliegtuigtas TV";
			productReference = ATVPROD1 /* Vliegtuigtas TV.app */;
			productType = "com.apple.product-type.application";
		};
/* End PBXNativeTarget section */

/* Begin PBXProject section */
		AAPROJECT1 /* Project object */ = {
			isa = PBXProject;
			attributes = {
				BuildIndependentTargetsInParallel = 1;
				LastSwiftUpdateCheck = 1500;
				LastUpgradeCheck = 2700;
				TargetAttributes = {
					AATARGET1 = {
						CreatedOnToolsVersion = 15.0;
					};
				};
			};
			buildConfigurationList = AACFGLIST0 /* Build configuration list for PBXProject "VliegtuigtasApp" */;
			compatibilityVersion = "Xcode 14.0";
			developmentRegion = nl;
			hasScannedForEncodings = 0;
			knownRegions = (
				nl,
				en,
				Base,
			);
			mainGroup = AAGRP000;
			productRefGroup = AAGRP002 /* Products */;
			projectDirPath = "";
			projectRoot = "";
			targets = (
				AATARGET1 /* Vliegtuigtas */,
				1CA59C60E1B2ACA8433200B3 /* Vliegtuigtas Extension */,
				AAWTGT01 /* Vliegtuigtas Widgets */,
				STKTGT01 /* Vliegtuigtas Stickers */,
				AWTGT01 /* Vliegtuigtas Watch */,
				ACLTGT01 /* Vliegtuigtas Clip */,
				AWWTGT01 /* Vliegtuigtas Watch Widgets */,
				AVNTGT01 /* Vliegtuigtas Vision */,
				ATVTGT01 /* Vliegtuigtas TV */,
			);
		};
/* End PBXProject section */

/* Begin PBXResourcesBuildPhase section */
		1C17C419419257FEF6779344 /* Resources */ = {
			isa = PBXResourcesBuildPhase;
			buildActionMask = 2147483647;
			files = (
				18D8B3FE6E1390DE7D09613D /* manifest.json in Resources */,
				AB61B0FF462FD1FB680C4E54 /* content.js in Resources */,
				720CB503C779908E8BE558CD /* background.js in Resources */,
				E8C2A7FEED5C23D12D8205F0 /* popup.html in Resources */,
				6CF06350598D7E5D6A9B9DD4 /* popup.css in Resources */,
				0E2EC02F1056B42AC59ECA95 /* popup.js in Resources */,
				C5E6B9AF86AF28274364CFE3 /* images in Resources */,
			);
			runOnlyForDeploymentPostprocessing = 0;
		};
		AAPHASE002 /* Resources */ = {
			isa = PBXResourcesBuildPhase;
			buildActionMask = 2147483647;
			files = (
				AMICE01 /* AmiceKoffer.mp4 in Resources */,
				FRG_APP /* Frutiger.ttf in Resources */,
				FBL_APP /* Frutiger_bold.ttf in Resources */,
				AA000013 /* Assets.xcassets in Resources */,
				AA000018 /* airplane_beep.mp3 in Resources */,
				AA000030 /* solari_flap.wav in Resources */,
				A78970D5122074DB9604EA03 /* PrivacyInfo.xcprivacy in Resources */,
			);
			runOnlyForDeploymentPostprocessing = 0;
		};
		AAWPH003 /* Resources */ = {
			isa = PBXResourcesBuildPhase;
			buildActionMask = 2147483647;
			files = (
				FRG_WID /* Frutiger.ttf in Resources */,
				FBL_WID /* Frutiger_bold.ttf in Resources */,
				70F3745ED331551EE0A4DAAD /* PrivacyInfo.xcprivacy in Resources */,
			);
			runOnlyForDeploymentPostprocessing = 0;
		};
		ACLPH003 /* Resources */ = {
			isa = PBXResourcesBuildPhase;
			buildActionMask = 2147483647;
			files = (
				FRG_CLP /* Frutiger.ttf in Resources */,
				FBL_CLP /* Frutiger_bold.ttf in Resources */,
				319DCE792FF6E8C1009D1A42 /* Assets.xcassets in Resources */,
				EA0356CE026EB8068DF5D59F /* PrivacyInfo.xcprivacy in Resources */,
			);
			runOnlyForDeploymentPostprocessing = 0;
		};
		AVNPH003 /* Resources */ = {
			isa = PBXResourcesBuildPhase;
			buildActionMask = 2147483647;
			files = (
				FRG_VIS /* Frutiger.ttf in Resources */,
				FBL_VIS /* Frutiger_bold.ttf in Resources */,
				AVN00007 /* Assets.xcassets in Resources */,
				D08B2776C705619F24F08AE4 /* PrivacyInfo.xcprivacy in Resources */,
			);
			runOnlyForDeploymentPostprocessing = 0;
		};
		AWPH003 /* Resources */ = {
			isa = PBXResourcesBuildPhase;
			buildActionMask = 2147483647;
			files = (
				AW000010 /* Assets.xcassets in Resources */,
				641B591987B5DB31D151B707 /* PrivacyInfo.xcprivacy in Resources */,
			);
			runOnlyForDeploymentPostprocessing = 0;
		};
		AWWPH003 /* Resources */ = {
			isa = PBXResourcesBuildPhase;
			buildActionMask = 2147483647;
			files = (
				05ADF2D3D8FA6A6DEC81460C /* PrivacyInfo.xcprivacy in Resources */,
			);
			runOnlyForDeploymentPostprocessing = 0;
		};
		ATVPH003 /* Resources */ = {
			isa = PBXResourcesBuildPhase;
			buildActionMask = 2147483647;
			files = (
				FRG_TV /* Frutiger.ttf in Resources */,
				FBL_TV /* Frutiger_bold.ttf in Resources */,
				ATV00004 /* Assets.xcassets in Resources */,
			);
			runOnlyForDeploymentPostprocessing = 0;
		};
		STKPH003 /* Resources */ = {
			isa = PBXResourcesBuildPhase;
			buildActionMask = 2147483647;
			files = (
				STK00001 /* Stickers.xcassets in Resources */,
			);
			runOnlyForDeploymentPostprocessing = 0;
		};
/* End PBXResourcesBuildPhase section */

/* Begin PBXSourcesBuildPhase section */
		AAPHASE001 /* Sources */ = {
			isa = PBXSourcesBuildPhase;
			buildActionMask = 2147483647;
			files = (
				BTAG01 /* BaggageTagUI.swift in Sources */,
				REVW01 /* ReviewInvite.swift in Sources */,
				PMEDIA01 /* ProductMedia.swift in Sources */,
				TYPO_APP /* Typography.swift in Sources */,
				AA000001 /* VliegtuigtasApp.swift in Sources */,
				AA000002 /* ContentView.swift in Sources */,
				AA000003 /* Theme.swift in Sources */,
				AA000004 /* Models.swift in Sources */,
				AA000005 /* APIClient.swift in Sources */,
				AA000006 /* AirlineStore.swift in Sources */,
				AA000007 /* SharedViews.swift in Sources */,
				AA000008 /* HomeView.swift in Sources */,
				AA000009 /* AirlineListView.swift in Sources */,
				AA000010 /* AirlineDetailView.swift in Sources */,
				AA000011 /* BaggageCheckView.swift in Sources */,
				AA000012 /* BagsShopView.swift in Sources */,
				AA000014 /* CheckFlowView.swift in Sources */,
				AA000015 /* OnboardingView.swift in Sources */,
				AA000016 /* UserSession.swift in Sources */,
				AA000017 /* AppStrings.swift in Sources */,
				AA000019 /* SplashView.swift in Sources */,
				AA000020 /* BagDetailView.swift in Sources */,
				AL000001 /* FlightActivityAttributes.swift in Sources */,
				AL000002 /* FlightLiveActivityManager.swift in Sources */,
				AI000001 /* AIAssistant.swift in Sources */,
				AI000002 /* AIAssistantView.swift in Sources */,
				APRT0001 /* AirportsInformationView.swift in Sources */,
				APST0001 /* AirportsStore.swift in Sources */,
				REMS0001 /* RemindersService.swift in Sources */,
				AP000001 /* AppIntentsSupport.swift in Sources */,
				AS000001 /* SplitFlapBoard.swift in Sources */,
				AUC00001 /* AppUpdateChecker.swift in Sources */,
				AWN00001 /* WhatsNewView.swift in Sources */,
				AC000001 /* BagScannerView.swift in Sources */,
				AG000001 /* BaggageGuideView.swift in Sources */,
				AY000001 /* CloudSync.swift in Sources */,
				AZ000001 /* ProfileView.swift in Sources */,
				AN000001 /* NotificationPlanner.swift in Sources */,
				AM000001 /* MyBags.swift in Sources */,
				TRP00001 /* Trips.swift in Sources */,
				TRP00002 /* TripsView.swift in Sources */,
				BKL00001 /* BucketList.swift in Sources */,
				BKL00002 /* BucketListView.swift in Sources */,
				ASI00001 /* AppleSignIn.swift in Sources */,
				UNS00001 /* UnsplashClient.swift in Sources */,
				PEX00001 /* PexelsClient.swift in Sources */,
				AVS00001 /* AviationstackClient.swift in Sources */,
				REF00001 /* ReferralManager.swift in Sources */,
				REF00002 /* ReferralView.swift in Sources */,
				JRN00001 /* JourneyManager.swift in Sources */,
				JRN00002 /* JourneyView.swift in Sources */,
				AFL00001 /* Flights.swift in Sources */,
				AIC00001 /* AppIconPicker.swift in Sources */,
				APA00001 /* PackingAlarms.swift in Sources */,
				ACP00001 /* CarPlayDelegate.swift in Sources */,
				D0A32B8F5633B8B8EABB6741 /* DestinationWeather.swift in Sources */,
			);
			runOnlyForDeploymentPostprocessing = 0;
		};
		AAWPH001 /* Sources */ = {
			isa = PBXSourcesBuildPhase;
			buildActionMask = 2147483647;
			files = (
				TYPO_WID /* Typography.swift in Sources */,
				AAW00001 /* VliegtuigtasWidgets.swift in Sources */,
				TRW00001 /* TripCountdownWidget.swift in Sources */,
				AL000003 /* FlightActivityAttributes.swift in Sources */,
				AL000004 /* FlightLiveActivity.swift in Sources */,
			);
			runOnlyForDeploymentPostprocessing = 0;
		};
		ACLPH001 /* Sources */ = {
			isa = PBXSourcesBuildPhase;
			buildActionMask = 2147483647;
			files = (
				TYPO_CLP /* Typography.swift in Sources */,
				ACL00001 /* VliegtuigtasClipApp.swift in Sources */,
				ACL00002 /* ClipCheckView.swift in Sources */,
				ACL00003 /* Theme.swift in Sources */,
				ACL00004 /* Models.swift in Sources */,
				ACL00005 /* APIClient.swift in Sources */,
				ACL00006 /* AirlineStore.swift in Sources */,
			);
			runOnlyForDeploymentPostprocessing = 0;
		};
		AVNPH001 /* Sources */ = {
			isa = PBXSourcesBuildPhase;
			buildActionMask = 2147483647;
			files = (
				TYPO_VIS /* Typography.swift in Sources */,
				AVN00001 /* VliegtuigtasVisionApp.swift in Sources */,
				AVN00002 /* VisionContentView.swift in Sources */,
				AVN00003 /* BagVolumeView.swift in Sources */,
				AVN00004 /* Models.swift in Sources */,
				AVN00005 /* APIClient.swift in Sources */,
				AVN00006 /* AirlineStore.swift in Sources */,
			);
			runOnlyForDeploymentPostprocessing = 0;
		};
		AWPH001 /* Sources */ = {
			isa = PBXSourcesBuildPhase;
			buildActionMask = 2147483647;
			files = (
				TYPO_WCH /* Typography.swift in Sources */,
				AW000001 /* Models.swift in Sources */,
				AW000002 /* APIClient.swift in Sources */,
				AW000003 /* AirlineStore.swift in Sources */,
				AW000004 /* VliegtuigtasWatchApp.swift in Sources */,
				AW000005 /* WatchContentView.swift in Sources */,
				AW000006 /* WatchAirlineDetailView.swift in Sources */,
				AW000007 /* WatchMyBagView.swift in Sources */,
				AW000008 /* WatchTheme.swift in Sources */,
				AW000009 /* WatchBagStore.swift in Sources */,
				AWI00001 /* WatchIntents.swift in Sources */,
			);
			runOnlyForDeploymentPostprocessing = 0;
		};
		AWWPH001 /* Sources */ = {
			isa = PBXSourcesBuildPhase;
			buildActionMask = 2147483647;
			files = (
				TYPO_WWG /* Typography.swift in Sources */,
				AWW00001 /* VliegtuigtasWatchWidgets.swift in Sources */,
			);
			runOnlyForDeploymentPostprocessing = 0;
		};
		CBA7D25F3A1F9ACA13170059 /* Sources */ = {
			isa = PBXSourcesBuildPhase;
			buildActionMask = 2147483647;
			files = (
				18DA73838EF3EBE610CF3986 /* SafariWebExtensionHandler.swift in Sources */,
			);
			runOnlyForDeploymentPostprocessing = 0;
		};
		ATVPH001 /* Sources */ = {
			isa = PBXSourcesBuildPhase;
			buildActionMask = 2147483647;
			files = (
				TYPO_TV /* Typography.swift in Sources */,
				ATV00001 /* VliegtuigtasTVApp.swift in Sources */,
				ATV00002 /* TVBoardView.swift in Sources */,
				ATV00003 /* TVSavedData.swift in Sources */,
				ATV00008 /* PimTicker.swift in Sources */,
				ATV00009 /* TVFlapClock.swift in Sources */,
				ATV00005 /* Models.swift in Sources */,
				ATV00006 /* APIClient.swift in Sources */,
				ATV00007 /* AirlineStore.swift in Sources */,
			);
			runOnlyForDeploymentPostprocessing = 0;
		};
		STKPH001 /* Sources */ = {
			isa = PBXSourcesBuildPhase;
			buildActionMask = 2147483647;
			files = (
			);
			runOnlyForDeploymentPostprocessing = 0;
		};
/* End PBXSourcesBuildPhase section */

/* Begin PBXTargetDependency section */
		56539FABA16615F638E56135 /* PBXTargetDependency */ = {
			isa = PBXTargetDependency;
			name = "Vliegtuigtas Extension";
			platformFilter = ios;
			target = 1CA59C60E1B2ACA8433200B3 /* Vliegtuigtas Extension */;
			targetProxy = 5E382108EDF2F9262B74C222 /* PBXContainerItemProxy */;
		};
		AAWDEP01 /* PBXTargetDependency */ = {
			isa = PBXTargetDependency;
			name = "Vliegtuigtas Widgets";
			target = AAWTGT01 /* Vliegtuigtas Widgets */;
			targetProxy = AAWPRX01 /* PBXContainerItemProxy */;
		};
		STKDEP01 /* PBXTargetDependency */ = {
			isa = PBXTargetDependency;
			name = "Vliegtuigtas Stickers";
			target = STKTGT01 /* Vliegtuigtas Stickers */;
			targetProxy = STKPRX01 /* PBXContainerItemProxy */;
		};
		ACLDEP01 /* PBXTargetDependency */ = {
			isa = PBXTargetDependency;
			name = "Vliegtuigtas Clip";
			platformFilter = ios;
			target = ACLTGT01 /* Vliegtuigtas Clip */;
			targetProxy = ACLPRX01 /* PBXContainerItemProxy */;
		};
		AWDEP01 /* PBXTargetDependency */ = {
			isa = PBXTargetDependency;
			name = "Vliegtuigtas Watch";
			platformFilter = ios;
			target = AWTGT01 /* Vliegtuigtas Watch */;
			targetProxy = AWPRX01 /* PBXContainerItemProxy */;
		};
		AWWDEP01 /* PBXTargetDependency */ = {
			isa = PBXTargetDependency;
			name = "Vliegtuigtas Watch Widgets";
			target = AWWTGT01 /* Vliegtuigtas Watch Widgets */;
			targetProxy = AWWPRX01 /* PBXContainerItemProxy */;
		};
/* End PBXTargetDependency section */

/* Begin XCBuildConfiguration section */
		4975D71CF1A72AECD63E9547 /* Release */ = {
			isa = XCBuildConfiguration;
			buildSettings = {
				CLANG_ENABLE_OBJC_WEAK = NO;
				CODE_SIGN_STYLE = Automatic;
				DEVELOPMENT_TEAM = FDH27DW6H2;
				GENERATE_INFOPLIST_FILE = NO;
				CURRENT_PROJECT_VERSION = 300;
				INFOPLIST_FILE = VliegtuigtasExtension/Info.plist;
				IPHONEOS_DEPLOYMENT_TARGET = 17.0;
				LD_RUNPATH_SEARCH_PATHS = (
					"$(inherited)",
					"@executable_path/Frameworks",
					"@executable_path/../../Frameworks",
				);
				MARKETING_VERSION = 3.0.0;
				PRODUCT_BUNDLE_IDENTIFIER = com.vliegtuigtas.app.SafariExtension;
				PRODUCT_NAME = "Vliegtuigtas Extension";
				SDKROOT = iphoneos;
				SKIP_INSTALL = YES;
				SWIFT_VERSION = 5.0;
				TARGETED_DEVICE_FAMILY = 1;
				VALIDATE_PRODUCT = YES;
			};
			name = Release;
		};
		AACFG001 /* Debug */ = {
			isa = XCBuildConfiguration;
			buildSettings = {
				ALWAYS_SEARCH_USER_PATHS = NO;
				ASSETCATALOG_COMPILER_GENERATE_SWIFT_ASSET_SYMBOL_EXTENSIONS = YES;
				CLANG_ANALYZER_LOCALIZABILITY_NONLOCALIZED = YES;
				CLANG_ANALYZER_NONNULL = YES;
				CLANG_ANALYZER_NUMBER_OBJECT_CONVERSION = YES_AGGRESSIVE;
				CLANG_CXX_LANGUAGE_STANDARD = "gnu++20";
				CLANG_ENABLE_MODULES = YES;
				CLANG_ENABLE_OBJC_ARC = YES;
				CLANG_ENABLE_OBJC_WEAK = YES;
				CLANG_WARN_BLOCK_CAPTURE_AUTORELEASING = YES;
				CLANG_WARN_BOOL_CONVERSION = YES;
				CLANG_WARN_COMMA = YES;
				CLANG_WARN_CONSTANT_CONVERSION = YES;
				CLANG_WARN_DEPRECATED_OBJC_IMPLEMENTATIONS = YES;
				CLANG_WARN_DIRECT_IVAR_ACCESS = YES;
				CLANG_WARN_EMPTY_BODY = YES;
				CLANG_WARN_ENUM_CONVERSION = YES;
				CLANG_WARN_INFINITE_RECURSION = YES;
				CLANG_WARN_INT_CONVERSION = YES;
				CLANG_WARN_NON_LITERAL_NULL_CONVERSION = YES;
				CLANG_WARN_OBJC_IMPLICIT_RETAIN_SELF = YES;
				CLANG_WARN_OBJC_LITERAL_CONVERSION = YES;
				CLANG_WARN_QUOTED_INCLUDE_IN_FRAMEWORK_HEADER = YES;
				CLANG_WARN_RANGE_LOOP_ANALYSIS = YES;
				CLANG_WARN_STRICT_PROTOTYPES = YES;
				CLANG_WARN_SUSPICIOUS_MOVE = YES;
				CLANG_WARN_UNGUARDED_AVAILABILITY = YES_AGGRESSIVE;
				CLANG_WARN_UNREACHABLE_CODE = YES;
				CLANG_WARN__DUPLICATE_METHOD_MATCH = YES;
				COPY_PHASE_STRIP = NO;
				DEBUG_INFORMATION_FORMAT = dwarf;
				DEVELOPMENT_TEAM = FDH27DW6H2;
				ENABLE_STRICT_OBJC_MSGSEND = YES;
				ENABLE_TESTABILITY = YES;
				ENABLE_USER_SCRIPT_SANDBOXING = YES;
				GCC_C_LANGUAGE_STANDARD = gnu17;
				GCC_DYNAMIC_NO_PIC = NO;
				GCC_NO_COMMON_BLOCKS = YES;
				GCC_OPTIMIZATION_LEVEL = 0;
				GCC_PREPROCESSOR_DEFINITIONS = (
					"DEBUG=1",
					"$(inherited)",
				);
				GCC_WARN_64_TO_32_BIT_CONVERSION = YES;
				GCC_WARN_ABOUT_RETURN_TYPE = YES_ERROR;
				GCC_WARN_UNDECLARED_SELECTOR = YES;
				GCC_WARN_UNINITIALIZED_AUTOS = YES_AGGRESSIVE;
				GCC_WARN_UNUSED_FUNCTION = YES;
				GCC_WARN_UNUSED_VARIABLE = YES;
				IPHONEOS_DEPLOYMENT_TARGET = 17.6;
				MTL_ENABLE_DEBUG_INFO = INCLUDE_SOURCE;
				MTL_FAST_MATH = YES;
				ONLY_ACTIVE_ARCH = YES;
				SDKROOT = iphoneos;
				STRING_CATALOG_GENERATE_SYMBOLS = YES;
				SWIFT_ACTIVE_COMPILATION_CONDITIONS = "DEBUG $(inherited)";
				SWIFT_OPTIMIZATION_LEVEL = "-Onone";
			};
			name = Debug;
		};
		AACFG002 /* Release */ = {
			isa = XCBuildConfiguration;
			buildSettings = {
				ALWAYS_SEARCH_USER_PATHS = NO;
				ASSETCATALOG_COMPILER_GENERATE_SWIFT_ASSET_SYMBOL_EXTENSIONS = YES;
				CLANG_ANALYZER_LOCALIZABILITY_NONLOCALIZED = YES;
				CLANG_ANALYZER_NONNULL = YES;
				CLANG_ANALYZER_NUMBER_OBJECT_CONVERSION = YES_AGGRESSIVE;
				CLANG_CXX_LANGUAGE_STANDARD = "gnu++20";
				CLANG_ENABLE_MODULES = YES;
				CLANG_ENABLE_OBJC_ARC = YES;
				CLANG_ENABLE_OBJC_WEAK = YES;
				CLANG_WARN_BLOCK_CAPTURE_AUTORELEASING = YES;
				CLANG_WARN_BOOL_CONVERSION = YES;
				CLANG_WARN_COMMA = YES;
				CLANG_WARN_CONSTANT_CONVERSION = YES;
				CLANG_WARN_DEPRECATED_OBJC_IMPLEMENTATIONS = YES;
				CLANG_WARN_DIRECT_IVAR_ACCESS = YES;
				CLANG_WARN_EMPTY_BODY = YES;
				CLANG_WARN_ENUM_CONVERSION = YES;
				CLANG_WARN_INFINITE_RECURSION = YES;
				CLANG_WARN_INT_CONVERSION = YES;
				CLANG_WARN_NON_LITERAL_NULL_CONVERSION = YES;
				CLANG_WARN_OBJC_IMPLICIT_RETAIN_SELF = YES;
				CLANG_WARN_OBJC_LITERAL_CONVERSION = YES;
				CLANG_WARN_QUOTED_INCLUDE_IN_FRAMEWORK_HEADER = YES;
				CLANG_WARN_RANGE_LOOP_ANALYSIS = YES;
				CLANG_WARN_STRICT_PROTOTYPES = YES;
				CLANG_WARN_SUSPICIOUS_MOVE = YES;
				CLANG_WARN_UNGUARDED_AVAILABILITY = YES_AGGRESSIVE;
				CLANG_WARN_UNREACHABLE_CODE = YES;
				CLANG_WARN__DUPLICATE_METHOD_MATCH = YES;
				COPY_PHASE_STRIP = NO;
				DEBUG_INFORMATION_FORMAT = "dwarf-with-dsym";
				DEVELOPMENT_TEAM = FDH27DW6H2;
				ENABLE_NS_ASSERTIONS = NO;
				ENABLE_STRICT_OBJC_MSGSEND = YES;
				ENABLE_USER_SCRIPT_SANDBOXING = YES;
				GCC_C_LANGUAGE_STANDARD = gnu17;
				GCC_NO_COMMON_BLOCKS = YES;
				GCC_WARN_64_TO_32_BIT_CONVERSION = YES;
				GCC_WARN_ABOUT_RETURN_TYPE = YES_ERROR;
				GCC_WARN_UNDECLARED_SELECTOR = YES;
				GCC_WARN_UNINITIALIZED_AUTOS = YES_AGGRESSIVE;
				GCC_WARN_UNUSED_FUNCTION = YES;
				GCC_WARN_UNUSED_VARIABLE = YES;
				IPHONEOS_DEPLOYMENT_TARGET = 17.6;
				MTL_FAST_MATH = YES;
				SDKROOT = iphoneos;
				STRING_CATALOG_GENERATE_SYMBOLS = YES;
				SWIFT_COMPILATION_MODE = wholemodule;
				SWIFT_OPTIMIZATION_LEVEL = "-O";
				VALIDATE_PRODUCT = YES;
			};
			name = Release;
		};
		AACFG003 /* Debug */ = {
			isa = XCBuildConfiguration;
			buildSettings = {
				ASSETCATALOG_COMPILER_APPICON_NAME = AppIcon;
				ASSETCATALOG_COMPILER_GLOBAL_ACCENT_COLOR_NAME = AccentColor;
				ASSETCATALOG_COMPILER_INCLUDE_ALL_APPICON_ASSETS = YES;
				CODE_SIGN_ENTITLEMENTS = VliegtuigtasApp/Vliegtuigtas.entitlements;
				CODE_SIGN_STYLE = Automatic;
				CURRENT_PROJECT_VERSION = 300;
				DEVELOPMENT_ASSET_PATHS = "";
				ENABLE_PREVIEWS = YES;
				GENERATE_INFOPLIST_FILE = YES;
				INFOPLIST_FILE = VliegtuigtasApp/Info.plist;
				INFOPLIST_KEY_CFBundleDisplayName = Vliegtuigtas;
				INFOPLIST_KEY_ITSAppUsesNonExemptEncryption = NO;
				INFOPLIST_KEY_LSApplicationCategoryType = "public.app-category.travel";
				INFOPLIST_KEY_NSAppTransportSecurity = "<dict><key>NSAllowsArbitraryLoads</key><false/></dict>";
				INFOPLIST_KEY_UIApplicationSupportsIndirectInputEvents = YES;
				INFOPLIST_KEY_UISupportedInterfaceOrientations = UIInterfaceOrientationPortrait;
				INFOPLIST_KEY_UISupportedInterfaceOrientations_iPad = "UIInterfaceOrientationLandscapeLeft UIInterfaceOrientationLandscapeRight UIInterfaceOrientationPortrait UIInterfaceOrientationPortraitUpsideDown";
				IPHONEOS_DEPLOYMENT_TARGET = 17.6;
				LD_RUNPATH_SEARCH_PATHS = (
					"$(inherited)",
					"@executable_path/Frameworks",
				);
				MARKETING_VERSION = 3.0.0;
				PRODUCT_BUNDLE_IDENTIFIER = com.vliegtuigtas.app;
				PRODUCT_NAME = Vliegtuigtas;
				SUPPORTS_MACCATALYST = YES;
				SUPPORTS_MAC_DESIGNED_FOR_IPHONE_IPAD = NO;
				SWIFT_EMIT_LOC_STRINGS = YES;
				SWIFT_VERSION = 5.0;
				TARGETED_DEVICE_FAMILY = "1,2";
			};
			name = Debug;
		};
		AACFG004 /* Release */ = {
			isa = XCBuildConfiguration;
			buildSettings = {
				ASSETCATALOG_COMPILER_APPICON_NAME = AppIcon;
				ASSETCATALOG_COMPILER_GLOBAL_ACCENT_COLOR_NAME = AccentColor;
				ASSETCATALOG_COMPILER_INCLUDE_ALL_APPICON_ASSETS = YES;
				CODE_SIGN_ENTITLEMENTS = VliegtuigtasApp/Vliegtuigtas.entitlements;
				CODE_SIGN_STYLE = Automatic;
				CURRENT_PROJECT_VERSION = 300;
				DEVELOPMENT_ASSET_PATHS = "";
				ENABLE_PREVIEWS = YES;
				GENERATE_INFOPLIST_FILE = YES;
				INFOPLIST_FILE = VliegtuigtasApp/Info.plist;
				INFOPLIST_KEY_CFBundleDisplayName = Vliegtuigtas;
				INFOPLIST_KEY_ITSAppUsesNonExemptEncryption = NO;
				INFOPLIST_KEY_LSApplicationCategoryType = "public.app-category.travel";
				INFOPLIST_KEY_UIApplicationSupportsIndirectInputEvents = YES;
				INFOPLIST_KEY_UISupportedInterfaceOrientations = UIInterfaceOrientationPortrait;
				INFOPLIST_KEY_UISupportedInterfaceOrientations_iPad = "UIInterfaceOrientationLandscapeLeft UIInterfaceOrientationLandscapeRight UIInterfaceOrientationPortrait UIInterfaceOrientationPortraitUpsideDown";
				IPHONEOS_DEPLOYMENT_TARGET = 17.6;
				LD_RUNPATH_SEARCH_PATHS = (
					"$(inherited)",
					"@executable_path/Frameworks",
				);
				MARKETING_VERSION = 3.0.0;
				PRODUCT_BUNDLE_IDENTIFIER = com.vliegtuigtas.app;
				PRODUCT_NAME = Vliegtuigtas;
				SUPPORTS_MACCATALYST = YES;
				SUPPORTS_MAC_DESIGNED_FOR_IPHONE_IPAD = NO;
				SWIFT_EMIT_LOC_STRINGS = YES;
				SWIFT_VERSION = 5.0;
				TARGETED_DEVICE_FAMILY = "1,2";
			};
			name = Release;
		};
		AAWCFG01 /* Debug */ = {
			isa = XCBuildConfiguration;
			buildSettings = {
				CODE_SIGN_ENTITLEMENTS = VliegtuigtasWidgets/VliegtuigtasWidgets.entitlements;
				CODE_SIGN_STYLE = Automatic;
				CURRENT_PROJECT_VERSION = 300;
				DEVELOPMENT_TEAM = FDH27DW6H2;
				GENERATE_INFOPLIST_FILE = YES;
				INFOPLIST_FILE = VliegtuigtasWidgets/Info.plist;
				INFOPLIST_KEY_CFBundleDisplayName = Vliegtuigtas;
				INFOPLIST_KEY_ITSAppUsesNonExemptEncryption = NO;
				IPHONEOS_DEPLOYMENT_TARGET = 17.0;
				LD_RUNPATH_SEARCH_PATHS = (
					"$(inherited)",
					"@executable_path/Frameworks",
					"@executable_path/../../Frameworks",
				);
				MARKETING_VERSION = 3.0.0;
				PRODUCT_BUNDLE_IDENTIFIER = com.vliegtuigtas.app.Widgets;
				PRODUCT_NAME = "Vliegtuigtas Widgets";
				SDKROOT = iphoneos;
				SKIP_INSTALL = YES;
				SUPPORTS_MACCATALYST = YES;
				SWIFT_EMIT_LOC_STRINGS = YES;
				SWIFT_VERSION = 5.0;
				TARGETED_DEVICE_FAMILY = "1,2";
			};
			name = Debug;
		};
		AAWCFG02 /* Release */ = {
			isa = XCBuildConfiguration;
			buildSettings = {
				CODE_SIGN_ENTITLEMENTS = VliegtuigtasWidgets/VliegtuigtasWidgets.entitlements;
				CODE_SIGN_STYLE = Automatic;
				CURRENT_PROJECT_VERSION = 300;
				DEVELOPMENT_TEAM = FDH27DW6H2;
				GENERATE_INFOPLIST_FILE = YES;
				INFOPLIST_FILE = VliegtuigtasWidgets/Info.plist;
				INFOPLIST_KEY_CFBundleDisplayName = Vliegtuigtas;
				INFOPLIST_KEY_ITSAppUsesNonExemptEncryption = NO;
				IPHONEOS_DEPLOYMENT_TARGET = 17.0;
				LD_RUNPATH_SEARCH_PATHS = (
					"$(inherited)",
					"@executable_path/Frameworks",
					"@executable_path/../../Frameworks",
				);
				MARKETING_VERSION = 3.0.0;
				PRODUCT_BUNDLE_IDENTIFIER = com.vliegtuigtas.app.Widgets;
				PRODUCT_NAME = "Vliegtuigtas Widgets";
				SDKROOT = iphoneos;
				SKIP_INSTALL = YES;
				SUPPORTS_MACCATALYST = YES;
				SWIFT_EMIT_LOC_STRINGS = YES;
				SWIFT_VERSION = 5.0;
				TARGETED_DEVICE_FAMILY = "1,2";
				VALIDATE_PRODUCT = YES;
			};
			name = Release;
		};
		ACLCFG01 /* Debug */ = {
			isa = XCBuildConfiguration;
			buildSettings = {
				ASSETCATALOG_COMPILER_APPICON_NAME = AppIcon;
				CODE_SIGN_ENTITLEMENTS = VliegtuigtasClip/VliegtuigtasClip.entitlements;
				CODE_SIGN_STYLE = Automatic;
				CURRENT_PROJECT_VERSION = 300;
				DEVELOPMENT_TEAM = FDH27DW6H2;
				ENABLE_PREVIEWS = YES;
				GENERATE_INFOPLIST_FILE = YES;
				INFOPLIST_KEY_CFBundleDisplayName = Vliegtuigtas;
				INFOPLIST_KEY_ITSAppUsesNonExemptEncryption = NO;
				INFOPLIST_KEY_UILaunchScreen_Generation = YES;
				INFOPLIST_KEY_UISupportedInterfaceOrientations = UIInterfaceOrientationPortrait;
				INFOPLIST_KEY_UISupportedInterfaceOrientations_iPad = "UIInterfaceOrientationLandscapeLeft UIInterfaceOrientationLandscapeRight UIInterfaceOrientationPortrait UIInterfaceOrientationPortraitUpsideDown";
				IPHONEOS_DEPLOYMENT_TARGET = 17.6;
				LD_RUNPATH_SEARCH_PATHS = (
					"$(inherited)",
					"@executable_path/Frameworks",
				);
				MARKETING_VERSION = 3.0.0;
				INFOPLIST_KEY_UIUserInterfaceStyle = Light;
				PRODUCT_BUNDLE_IDENTIFIER = com.vliegtuigtas.app.Clip;
				PRODUCT_NAME = "Vliegtuigtas Clip";
				SDKROOT = iphoneos;
				SKIP_INSTALL = YES;
				SWIFT_ACTIVE_COMPILATION_CONDITIONS = "DEBUG APPCLIP $(inherited)";
				SWIFT_EMIT_LOC_STRINGS = YES;
				SWIFT_VERSION = 5.0;
				TARGETED_DEVICE_FAMILY = "1,2";
			};
			name = Debug;
		};
		ACLCFG02 /* Release */ = {
			isa = XCBuildConfiguration;
			buildSettings = {
				ASSETCATALOG_COMPILER_APPICON_NAME = AppIcon;
				CODE_SIGN_ENTITLEMENTS = VliegtuigtasClip/VliegtuigtasClip.entitlements;
				CODE_SIGN_STYLE = Automatic;
				CURRENT_PROJECT_VERSION = 300;
				DEVELOPMENT_TEAM = FDH27DW6H2;
				ENABLE_PREVIEWS = YES;
				GENERATE_INFOPLIST_FILE = YES;
				INFOPLIST_KEY_CFBundleDisplayName = Vliegtuigtas;
				INFOPLIST_KEY_ITSAppUsesNonExemptEncryption = NO;
				INFOPLIST_KEY_UILaunchScreen_Generation = YES;
				INFOPLIST_KEY_UISupportedInterfaceOrientations = UIInterfaceOrientationPortrait;
				INFOPLIST_KEY_UISupportedInterfaceOrientations_iPad = "UIInterfaceOrientationLandscapeLeft UIInterfaceOrientationLandscapeRight UIInterfaceOrientationPortrait UIInterfaceOrientationPortraitUpsideDown";
				IPHONEOS_DEPLOYMENT_TARGET = 17.6;
				LD_RUNPATH_SEARCH_PATHS = (
					"$(inherited)",
					"@executable_path/Frameworks",
				);
				MARKETING_VERSION = 3.0.0;
				INFOPLIST_KEY_UIUserInterfaceStyle = Light;
				PRODUCT_BUNDLE_IDENTIFIER = com.vliegtuigtas.app.Clip;
				PRODUCT_NAME = "Vliegtuigtas Clip";
				SDKROOT = iphoneos;
				SKIP_INSTALL = YES;
				SWIFT_ACTIVE_COMPILATION_CONDITIONS = "APPCLIP $(inherited)";
				SWIFT_EMIT_LOC_STRINGS = YES;
				SWIFT_VERSION = 5.0;
				TARGETED_DEVICE_FAMILY = "1,2";
				VALIDATE_PRODUCT = YES;
			};
			name = Release;
		};
		AVNCFG01 /* Debug */ = {
			isa = XCBuildConfiguration;
			buildSettings = {
				ASSETCATALOG_COMPILER_APPICON_NAME = AppIcon;
				ASSETCATALOG_COMPILER_INCLUDE_ALL_APPICON_ASSETS = NO;
				CODE_SIGN_STYLE = Automatic;
				CURRENT_PROJECT_VERSION = 300;
				DEVELOPMENT_TEAM = FDH27DW6H2;
				ENABLE_PREVIEWS = YES;
				GENERATE_INFOPLIST_FILE = YES;
				INFOPLIST_KEY_CFBundleDisplayName = Vliegtuigtas;
				INFOPLIST_KEY_ITSAppUsesNonExemptEncryption = NO;
				INFOPLIST_KEY_UIApplicationSceneManifest_Generation = YES;
				LD_RUNPATH_SEARCH_PATHS = (
					"$(inherited)",
					"@executable_path/Frameworks",
				);
				MARKETING_VERSION = 3.0.0;
				PRODUCT_BUNDLE_IDENTIFIER = com.vliegtuigtas.app;
				PRODUCT_NAME = "Vliegtuigtas Vision";
				SDKROOT = xros;
				SWIFT_EMIT_LOC_STRINGS = YES;
				SWIFT_VERSION = 5.0;
				TARGETED_DEVICE_FAMILY = 7;
				XROS_DEPLOYMENT_TARGET = 2.0;
			};
			name = Debug;
		};
		AVNCFG02 /* Release */ = {
			isa = XCBuildConfiguration;
			buildSettings = {
				ASSETCATALOG_COMPILER_APPICON_NAME = AppIcon;
				ASSETCATALOG_COMPILER_INCLUDE_ALL_APPICON_ASSETS = NO;
				CODE_SIGN_STYLE = Automatic;
				CURRENT_PROJECT_VERSION = 300;
				DEVELOPMENT_TEAM = FDH27DW6H2;
				ENABLE_PREVIEWS = YES;
				GENERATE_INFOPLIST_FILE = YES;
				INFOPLIST_KEY_CFBundleDisplayName = Vliegtuigtas;
				INFOPLIST_KEY_ITSAppUsesNonExemptEncryption = NO;
				INFOPLIST_KEY_UIApplicationSceneManifest_Generation = YES;
				LD_RUNPATH_SEARCH_PATHS = (
					"$(inherited)",
					"@executable_path/Frameworks",
				);
				MARKETING_VERSION = 3.0.0;
				PRODUCT_BUNDLE_IDENTIFIER = com.vliegtuigtas.app;
				PRODUCT_NAME = "Vliegtuigtas Vision";
				SDKROOT = xros;
				SWIFT_EMIT_LOC_STRINGS = YES;
				SWIFT_VERSION = 5.0;
				TARGETED_DEVICE_FAMILY = 7;
				VALIDATE_PRODUCT = YES;
				XROS_DEPLOYMENT_TARGET = 2.0;
			};
			name = Release;
		};
		AWCFG01 /* Debug */ = {
			isa = XCBuildConfiguration;
			buildSettings = {
				ASSETCATALOG_COMPILER_APPICON_NAME = AppIcon;
				CODE_SIGN_ENTITLEMENTS = VliegtuigtasWatch/VliegtuigtasWatch.entitlements;
				CODE_SIGN_STYLE = Automatic;
				CURRENT_PROJECT_VERSION = 300;
				DEVELOPMENT_TEAM = FDH27DW6H2;
				ENABLE_PREVIEWS = YES;
				GENERATE_INFOPLIST_FILE = YES;
				INFOPLIST_KEY_CFBundleDisplayName = Vliegtuigtas;
				INFOPLIST_KEY_ITSAppUsesNonExemptEncryption = NO;
				INFOPLIST_KEY_UISupportedInterfaceOrientations = "UIInterfaceOrientationPortrait UIInterfaceOrientationPortraitUpsideDown";
				INFOPLIST_KEY_WKCompanionAppBundleIdentifier = com.vliegtuigtas.app;
				INFOPLIST_KEY_WKRunsIndependentlyOfCompanionApp = YES;
				LD_RUNPATH_SEARCH_PATHS = (
					"$(inherited)",
					"@executable_path/Frameworks",
				);
				MARKETING_VERSION = 3.0.0;
				PRODUCT_BUNDLE_IDENTIFIER = com.vliegtuigtas.app.watchkitapp;
				PRODUCT_NAME = "Vliegtuigtas Watch";
				SDKROOT = watchos;
				SKIP_INSTALL = YES;
				SWIFT_EMIT_LOC_STRINGS = YES;
				SWIFT_VERSION = 5.0;
				TARGETED_DEVICE_FAMILY = 4;
				WATCHOS_DEPLOYMENT_TARGET = 10.0;
			};
			name = Debug;
		};
		AWCFG02 /* Release */ = {
			isa = XCBuildConfiguration;
			buildSettings = {
				ASSETCATALOG_COMPILER_APPICON_NAME = AppIcon;
				CODE_SIGN_ENTITLEMENTS = VliegtuigtasWatch/VliegtuigtasWatch.entitlements;
				CODE_SIGN_STYLE = Automatic;
				CURRENT_PROJECT_VERSION = 300;
				DEVELOPMENT_TEAM = FDH27DW6H2;
				ENABLE_PREVIEWS = YES;
				GENERATE_INFOPLIST_FILE = YES;
				INFOPLIST_KEY_CFBundleDisplayName = Vliegtuigtas;
				INFOPLIST_KEY_ITSAppUsesNonExemptEncryption = NO;
				INFOPLIST_KEY_UISupportedInterfaceOrientations = "UIInterfaceOrientationPortrait UIInterfaceOrientationPortraitUpsideDown";
				INFOPLIST_KEY_WKCompanionAppBundleIdentifier = com.vliegtuigtas.app;
				INFOPLIST_KEY_WKRunsIndependentlyOfCompanionApp = YES;
				LD_RUNPATH_SEARCH_PATHS = (
					"$(inherited)",
					"@executable_path/Frameworks",
				);
				MARKETING_VERSION = 3.0.0;
				PRODUCT_BUNDLE_IDENTIFIER = com.vliegtuigtas.app.watchkitapp;
				PRODUCT_NAME = "Vliegtuigtas Watch";
				SDKROOT = watchos;
				SKIP_INSTALL = YES;
				SWIFT_EMIT_LOC_STRINGS = YES;
				SWIFT_VERSION = 5.0;
				TARGETED_DEVICE_FAMILY = 4;
				VALIDATE_PRODUCT = YES;
				WATCHOS_DEPLOYMENT_TARGET = 10.0;
			};
			name = Release;
		};
		AWWCFG01 /* Debug */ = {
			isa = XCBuildConfiguration;
			buildSettings = {
				CODE_SIGN_ENTITLEMENTS = VliegtuigtasWatchWidgets/VliegtuigtasWatchWidgets.entitlements;
				CODE_SIGN_STYLE = Automatic;
				CURRENT_PROJECT_VERSION = 300;
				DEVELOPMENT_TEAM = FDH27DW6H2;
				GENERATE_INFOPLIST_FILE = YES;
				INFOPLIST_FILE = VliegtuigtasWatchWidgets/Info.plist;
				INFOPLIST_KEY_CFBundleDisplayName = Vliegtuigtas;
				LD_RUNPATH_SEARCH_PATHS = (
					"$(inherited)",
					"@executable_path/Frameworks",
					"@executable_path/../../Frameworks",
				);
				MARKETING_VERSION = 3.0.0;
				PRODUCT_BUNDLE_IDENTIFIER = com.vliegtuigtas.app.watchkitapp.Widgets;
				PRODUCT_NAME = "Vliegtuigtas Watch Widgets";
				SDKROOT = watchos;
				SKIP_INSTALL = YES;
				SWIFT_EMIT_LOC_STRINGS = YES;
				SWIFT_VERSION = 5.0;
				TARGETED_DEVICE_FAMILY = 4;
				WATCHOS_DEPLOYMENT_TARGET = 10.0;
			};
			name = Debug;
		};
		AWWCFG02 /* Release */ = {
			isa = XCBuildConfiguration;
			buildSettings = {
				CODE_SIGN_ENTITLEMENTS = VliegtuigtasWatchWidgets/VliegtuigtasWatchWidgets.entitlements;
				CODE_SIGN_STYLE = Automatic;
				CURRENT_PROJECT_VERSION = 300;
				DEVELOPMENT_TEAM = FDH27DW6H2;
				GENERATE_INFOPLIST_FILE = YES;
				INFOPLIST_FILE = VliegtuigtasWatchWidgets/Info.plist;
				INFOPLIST_KEY_CFBundleDisplayName = Vliegtuigtas;
				LD_RUNPATH_SEARCH_PATHS = (
					"$(inherited)",
					"@executable_path/Frameworks",
					"@executable_path/../../Frameworks",
				);
				MARKETING_VERSION = 3.0.0;
				PRODUCT_BUNDLE_IDENTIFIER = com.vliegtuigtas.app.watchkitapp.Widgets;
				PRODUCT_NAME = "Vliegtuigtas Watch Widgets";
				SDKROOT = watchos;
				SKIP_INSTALL = YES;
				SWIFT_EMIT_LOC_STRINGS = YES;
				SWIFT_VERSION = 5.0;
				TARGETED_DEVICE_FAMILY = 4;
				VALIDATE_PRODUCT = YES;
				WATCHOS_DEPLOYMENT_TARGET = 10.0;
			};
			name = Release;
		};
		BD2AC1793D1A7FF13B70F458 /* Debug */ = {
			isa = XCBuildConfiguration;
			buildSettings = {
				CLANG_ENABLE_OBJC_WEAK = NO;
				CODE_SIGN_STYLE = Automatic;
				DEVELOPMENT_TEAM = FDH27DW6H2;
				GENERATE_INFOPLIST_FILE = NO;
				CURRENT_PROJECT_VERSION = 300;
				INFOPLIST_FILE = VliegtuigtasExtension/Info.plist;
				IPHONEOS_DEPLOYMENT_TARGET = 17.0;
				LD_RUNPATH_SEARCH_PATHS = (
					"$(inherited)",
					"@executable_path/Frameworks",
					"@executable_path/../../Frameworks",
				);
				MARKETING_VERSION = 3.0.0;
				PRODUCT_BUNDLE_IDENTIFIER = com.vliegtuigtas.app.SafariExtension;
				PRODUCT_NAME = "Vliegtuigtas Extension";
				SDKROOT = iphoneos;
				SKIP_INSTALL = YES;
				SWIFT_VERSION = 5.0;
				TARGETED_DEVICE_FAMILY = 1;
			};
			name = Debug;
		};
		ATVCFG01 /* Debug */ = {
			isa = XCBuildConfiguration;
			buildSettings = {
				ASSETCATALOG_COMPILER_APPICON_NAME = "Brand Assets";
				CODE_SIGN_ENTITLEMENTS = VliegtuigtasTV/VliegtuigtasTV.entitlements;
				CODE_SIGN_STYLE = Automatic;
				CURRENT_PROJECT_VERSION = 300;
				DEVELOPMENT_TEAM = FDH27DW6H2;
				ENABLE_PREVIEWS = YES;
				GENERATE_INFOPLIST_FILE = YES;
				INFOPLIST_KEY_CFBundleDisplayName = Vliegtuigtas;
				INFOPLIST_KEY_ITSAppUsesNonExemptEncryption = NO;
				INFOPLIST_KEY_UIApplicationSceneManifest_Generation = YES;
				LD_RUNPATH_SEARCH_PATHS = (
					"$(inherited)",
					"@executable_path/Frameworks",
				);
				MARKETING_VERSION = 3.0.0;
				PRODUCT_BUNDLE_IDENTIFIER = com.vliegtuigtas.app;
				PRODUCT_NAME = "Vliegtuigtas TV";
				SDKROOT = appletvos;
				SWIFT_EMIT_LOC_STRINGS = YES;
				SWIFT_VERSION = 5.0;
				TARGETED_DEVICE_FAMILY = 3;
				TVOS_DEPLOYMENT_TARGET = 17.0;
			};
			name = Debug;
		};
		ATVCFG02 /* Release */ = {
			isa = XCBuildConfiguration;
			buildSettings = {
				ASSETCATALOG_COMPILER_APPICON_NAME = "Brand Assets";
				CODE_SIGN_ENTITLEMENTS = VliegtuigtasTV/VliegtuigtasTV.entitlements;
				CODE_SIGN_STYLE = Automatic;
				CURRENT_PROJECT_VERSION = 300;
				DEVELOPMENT_TEAM = FDH27DW6H2;
				ENABLE_PREVIEWS = YES;
				GENERATE_INFOPLIST_FILE = YES;
				INFOPLIST_KEY_CFBundleDisplayName = Vliegtuigtas;
				INFOPLIST_KEY_ITSAppUsesNonExemptEncryption = NO;
				INFOPLIST_KEY_UIApplicationSceneManifest_Generation = YES;
				LD_RUNPATH_SEARCH_PATHS = (
					"$(inherited)",
					"@executable_path/Frameworks",
				);
				MARKETING_VERSION = 3.0.0;
				PRODUCT_BUNDLE_IDENTIFIER = com.vliegtuigtas.app;
				PRODUCT_NAME = "Vliegtuigtas TV";
				SDKROOT = appletvos;
				SWIFT_EMIT_LOC_STRINGS = YES;
				SWIFT_VERSION = 5.0;
				TARGETED_DEVICE_FAMILY = 3;
				VALIDATE_PRODUCT = YES;
				TVOS_DEPLOYMENT_TARGET = 17.0;
			};
			name = Release;
		};
		STKCFG01 /* Debug */ = {
			isa = XCBuildConfiguration;
			buildSettings = {
				CODE_SIGN_STYLE = Automatic;
				CURRENT_PROJECT_VERSION = 300;
				DEVELOPMENT_TEAM = FDH27DW6H2;
				GENERATE_INFOPLIST_FILE = YES;
				INFOPLIST_FILE = VliegtuigtasStickers/Info.plist;
				INFOPLIST_KEY_CFBundleDisplayName = Vliegtuigtas;
				IPHONEOS_DEPLOYMENT_TARGET = 17.0;
				LD_RUNPATH_SEARCH_PATHS = (
					"$(inherited)",
					"@executable_path/Frameworks",
					"@executable_path/../../Frameworks",
				);
				MARKETING_VERSION = 3.0.0;
				PRODUCT_BUNDLE_IDENTIFIER = com.vliegtuigtas.app.Stickers;
				PRODUCT_NAME = "Vliegtuigtas Stickers";
				SDKROOT = iphoneos;
				SKIP_INSTALL = YES;
				TARGETED_DEVICE_FAMILY = "1,2";
			};
			name = Debug;
		};
		STKCFG02 /* Release */ = {
			isa = XCBuildConfiguration;
			buildSettings = {
				CODE_SIGN_STYLE = Automatic;
				CURRENT_PROJECT_VERSION = 300;
				DEVELOPMENT_TEAM = FDH27DW6H2;
				GENERATE_INFOPLIST_FILE = YES;
				INFOPLIST_FILE = VliegtuigtasStickers/Info.plist;
				INFOPLIST_KEY_CFBundleDisplayName = Vliegtuigtas;
				IPHONEOS_DEPLOYMENT_TARGET = 17.0;
				LD_RUNPATH_SEARCH_PATHS = (
					"$(inherited)",
					"@executable_path/Frameworks",
					"@executable_path/../../Frameworks",
				);
				MARKETING_VERSION = 3.0.0;
				PRODUCT_BUNDLE_IDENTIFIER = com.vliegtuigtas.app.Stickers;
				PRODUCT_NAME = "Vliegtuigtas Stickers";
				SDKROOT = iphoneos;
				SKIP_INSTALL = YES;
				TARGETED_DEVICE_FAMILY = "1,2";
			};
			name = Release;
		};
/* End XCBuildConfiguration section */

/* Begin XCConfigurationList section */
		AACFGLIST0 /* Build configuration list for PBXProject "VliegtuigtasApp" */ = {
			isa = XCConfigurationList;
			buildConfigurations = (
				AACFG001 /* Debug */,
				AACFG002 /* Release */,
			);
			defaultConfigurationIsVisible = 0;
			defaultConfigurationName = Release;
		};
		AACFGLIST1 /* Build configuration list for PBXNativeTarget "Vliegtuigtas" */ = {
			isa = XCConfigurationList;
			buildConfigurations = (
				AACFG003 /* Debug */,
				AACFG004 /* Release */,
			);
			defaultConfigurationIsVisible = 0;
			defaultConfigurationName = Release;
		};
		AAWCFGL1 /* Build configuration list for PBXNativeTarget "Vliegtuigtas Widgets" */ = {
			isa = XCConfigurationList;
			buildConfigurations = (
				AAWCFG01 /* Debug */,
				AAWCFG02 /* Release */,
			);
			defaultConfigurationIsVisible = 0;
			defaultConfigurationName = Release;
		};
		ACLCFGL1 /* Build configuration list for PBXNativeTarget "Vliegtuigtas Clip" */ = {
			isa = XCConfigurationList;
			buildConfigurations = (
				ACLCFG01 /* Debug */,
				ACLCFG02 /* Release */,
			);
			defaultConfigurationIsVisible = 0;
			defaultConfigurationName = Release;
		};
		AVNCFGL1 /* Build configuration list for PBXNativeTarget "Vliegtuigtas Vision" */ = {
			isa = XCConfigurationList;
			buildConfigurations = (
				AVNCFG01 /* Debug */,
				AVNCFG02 /* Release */,
			);
			defaultConfigurationIsVisible = 0;
			defaultConfigurationName = Release;
		};
		AWCFGL1 /* Build configuration list for PBXNativeTarget "Vliegtuigtas Watch" */ = {
			isa = XCConfigurationList;
			buildConfigurations = (
				AWCFG01 /* Debug */,
				AWCFG02 /* Release */,
			);
			defaultConfigurationIsVisible = 0;
			defaultConfigurationName = Release;
		};
		AWWCFGL2 /* Build configuration list for PBXNativeTarget "Vliegtuigtas Watch Widgets" */ = {
			isa = XCConfigurationList;
			buildConfigurations = (
				AWWCFG01 /* Debug */,
				AWWCFG02 /* Release */,
			);
			defaultConfigurationIsVisible = 0;
			defaultConfigurationName = Release;
		};
		D7AB5204C111FDC18E345E5A /* Build configuration list for PBXNativeTarget "Vliegtuigtas Extension" */ = {
			isa = XCConfigurationList;
			buildConfigurations = (
				4975D71CF1A72AECD63E9547 /* Release */,
				BD2AC1793D1A7FF13B70F458 /* Debug */,
			);
			defaultConfigurationIsVisible = 0;
			defaultConfigurationName = Release;
		};
		ATVCFGL1 /* Build configuration list for PBXNativeTarget "Vliegtuigtas TV" */ = {
			isa = XCConfigurationList;
			buildConfigurations = (
				ATVCFG01 /* Debug */,
				ATVCFG02 /* Release */,
			);
			defaultConfigurationIsVisible = 0;
			defaultConfigurationName = Release;
		};
		STKCFGL1 /* Build configuration list for PBXNativeTarget "Vliegtuigtas Stickers" */ = {
			isa = XCConfigurationList;
			buildConfigurations = (
				STKCFG01 /* Debug */,
				STKCFG02 /* Release */,
			);
			defaultConfigurationIsVisible = 0;
			defaultConfigurationName = Release;
		};
/* End XCConfigurationList section */
	};
	rootObject = AAPROJECT1 /* Project object */;
}
